// !$*UTF8*$!
{
	archiveVersion = 1;
	classes = {
	};
	objectVersion = 56;
	objects = {

/* Begin PBXBuildFile section */
		890029C42BFDF9F500DB1BA1 /* ComicLayoutCollectionViewCell.swift in Sources */ = {isa = PBXBuildFile; fileRef = 890029C32BFDF9F500DB1BA1 /* ComicLayoutCollectionViewCell.swift */; };
		890029C62BFDFA3C00DB1BA1 /* ComicLayoutTableViewCell.swift in Sources */ = {isa = PBXBuildFile; fileRef = 890029C52BFDFA3C00DB1BA1 /* ComicLayoutTableViewCell.swift */; };
		890029C82BFDFC3D00DB1BA1 /* ComicData.swift in Sources */ = {isa = PBXBuildFile; fileRef = 890029C72BFDFC3D00DB1BA1 /* ComicData.swift */; };
		891CF6D92C00C6FB004FF902 /* Alamofire in Frameworks */ = {isa = PBXBuildFile; productRef = 891CF6D82C00C6FB004FF902 /* Alamofire */; };
		891CF6DB2C00C6FB004FF902 /* AlamofireDynamic in Frameworks */ = {isa = PBXBuildFile; productRef = 891CF6DA2C00C6FB004FF902 /* AlamofireDynamic */; };
		891CF6DD2C00C707004FF902 /* Kingfisher in Frameworks */ = {isa = PBXBuildFile; productRef = 891CF6DC2C00C707004FF902 /* Kingfisher */; settings = {ATTRIBUTES = (Required, ); }; };
		891CF6E02C00C8DB004FF902 /* Alamofire in Frameworks */ = {isa = PBXBuildFile; productRef = 891CF6DF2C00C8DB004FF902 /* Alamofire */; };
		891CF6E22C00C8E0004FF902 /* AlamofireDynamic in Frameworks */ = {isa = PBXBuildFile; productRef = 891CF6E12C00C8E0004FF902 /* AlamofireDynamic */; };
		891CF6E32C00C8E0004FF902 /* AlamofireDynamic in Embed Frameworks */ = {isa = PBXBuildFile; productRef = 891CF6E12C00C8E0004FF902 /* AlamofireDynamic */; settings = {ATTRIBUTES = (CodeSignOnCopy, ); }; };
		8925D3602C016A9E00434B50 /* ComicGenres.swift in Sources */ = {isa = PBXBuildFile; fileRef = 8925D35F2C016A9E00434B50 /* ComicGenres.swift */; };
		8925D3622C016B5100434B50 /* ComicGenresApiResponse.swift in Sources */ = {isa = PBXBuildFile; fileRef = 8925D3612C016B5100434B50 /* ComicGenresApiResponse.swift */; };
		8925D3642C016ECE00434B50 /* ComicDataByGenres.swift in Sources */ = {isa = PBXBuildFile; fileRef = 8925D3632C016ECE00434B50 /* ComicDataByGenres.swift */; };
		8925D3662C016F8000434B50 /* ComicDataByGenresApiResponse.swift in Sources */ = {isa = PBXBuildFile; fileRef = 8925D3652C016F8000434B50 /* ComicDataByGenresApiResponse.swift */; };
		893740802BFC98A30082E198 /* HomeController.swift in Sources */ = {isa = PBXBuildFile; fileRef = 8937407F2BFC98A30082E198 /* HomeController.swift */; };
		893740842BFCA6050082E198 /* SlideControllerCollectionViewCell.swift in Sources */ = {isa = PBXBuildFile; fileRef = 893740832BFCA6050082E198 /* SlideControllerCollectionViewCell.swift */; };
		8989D71D2BFE395000C439FF /* ComicsApiResponse.swift in Sources */ = {isa = PBXBuildFile; fileRef = 8989D71C2BFE395000C439FF /* ComicsApiResponse.swift */; };
		8989D71F2BFE39CA00C439FF /* ComicDataResponse.swift in Sources */ = {isa = PBXBuildFile; fileRef = 8989D71E2BFE39CA00C439FF /* ComicDataResponse.swift */; };
		89BD6DF62BFC585500BA1618 /* AppDelegate.swift in Sources */ = {isa = PBXBuildFile; fileRef = 89BD6DF52BFC585500BA1618 /* AppDelegate.swift */; };
		89BD6DF82BFC585500BA1618 /* SceneDelegate.swift in Sources */ = {isa = PBXBuildFile; fileRef = 89BD6DF72BFC585500BA1618 /* SceneDelegate.swift */; };
		89BD6DFA2BFC585500BA1618 /* ViewController.swift in Sources */ = {isa = PBXBuildFile; fileRef = 89BD6DF92BFC585500BA1618 /* ViewController.swift */; };
		89BD6DFD2BFC585500BA1618 /* Base in Resources */ = {isa = PBXBuildFile; fileRef = 89BD6DFC2BFC585500BA1618 /* Base */; };
		89BD6DFF2BFC585700BA1618 /* Assets.xcassets in Resources */ = {isa = PBXBuildFile; fileRef = 89BD6DFE2BFC585700BA1618 /* Assets.xcassets */; };
		89BD6E022BFC585700BA1618 /* Base in Resources */ = {isa = PBXBuildFile; fileRef = 89BD6E012BFC585700BA1618 /* Base */; };
		89BD6E0D2BFC585800BA1618 /* MangaComicTests.swift in Sources */ = {isa = PBXBuildFile; fileRef = 89BD6E0C2BFC585800BA1618 /* MangaComicTests.swift */; };
		89BD6E172BFC585800BA1618 /* MangaComicUITests.swift in Sources */ = {isa = PBXBuildFile; fileRef = 89BD6E162BFC585800BA1618 /* MangaComicUITests.swift */; };
		89BD6E192BFC585800BA1618 /* MangaComicUITestsLaunchTests.swift in Sources */ = {isa = PBXBuildFile; fileRef = 89BD6E182BFC585800BA1618 /* MangaComicUITestsLaunchTests.swift */; };
		B67814CE2BFCE2E200C927FF /* FMDatabaseQueue.m in Sources */ = {isa = PBXBuildFile; fileRef = B67814C62BFCE2E200C927FF /* FMDatabaseQueue.m */; };
		B67814CF2BFCE2E200C927FF /* FMResultSet.m in Sources */ = {isa = PBXBuildFile; fileRef = B67814C92BFCE2E200C927FF /* FMResultSet.m */; };
		B67814D02BFCE2E200C927FF /* FMDatabase.m in Sources */ = {isa = PBXBuildFile; fileRef = B67814CB2BFCE2E200C927FF /* FMDatabase.m */; };
		B67814D12BFCE2E200C927FF /* FMDatabaseAdditions.m in Sources */ = {isa = PBXBuildFile; fileRef = B67814CC2BFCE2E200C927FF /* FMDatabaseAdditions.m */; };
		B67814D22BFCE2E200C927FF /* FMDatabasePool.m in Sources */ = {isa = PBXBuildFile; fileRef = B67814CD2BFCE2E200C927FF /* FMDatabasePool.m */; };
/* End PBXBuildFile section */

/* Begin PBXContainerItemProxy section */
		89BD6E092BFC585800BA1618 /* PBXContainerItemProxy */ = {
			isa = PBXContainerItemProxy;
			containerPortal = 89BD6DEA2BFC585500BA1618 /* Project object */;
			proxyType = 1;
			remoteGlobalIDString = 89BD6DF12BFC585500BA1618;
			remoteInfo = MangaComic;
		};
		89BD6E132BFC585800BA1618 /* PBXContainerItemProxy */ = {
			isa = PBXContainerItemProxy;
			containerPortal = 89BD6DEA2BFC585500BA1618 /* Project object */;
			proxyType = 1;
			remoteGlobalIDString = 89BD6DF12BFC585500BA1618;
			remoteInfo = MangaComic;
		};
/* End PBXContainerItemProxy section */

/* Begin PBXCopyFilesBuildPhase section */
		891CF6D52C00C5AE004FF902 /* Embed Frameworks */ = {
			isa = PBXCopyFilesBuildPhase;
			buildActionMask = 2147483647;
			dstPath = "";
			dstSubfolderSpec = 10;
			files = (
			);
			name = "Embed Frameworks";
			runOnlyForDeploymentPostprocessing = 0;
		};
		891CF6E42C00C8E0004FF902 /* Embed Frameworks */ = {
			isa = PBXCopyFilesBuildPhase;
			buildActionMask = 2147483647;
			dstPath = "";
			dstSubfolderSpec = 10;
			files = (
				891CF6E32C00C8E0004FF902 /* AlamofireDynamic in Embed Frameworks */,
			);
			name = "Embed Frameworks";
			runOnlyForDeploymentPostprocessing = 0;
		};
/* End PBXCopyFilesBuildPhase section */

/* Begin PBXFileReference section */
		890029C32BFDF9F500DB1BA1 /* ComicLayoutCollectionViewCell.swift */ = {isa = PBXFileReference; lastKnownFileType = sourcecode.swift; path = ComicLayoutCollectionViewCell.swift; sourceTree = "<group>"; };
		890029C52BFDFA3C00DB1BA1 /* ComicLayoutTableViewCell.swift */ = {isa = PBXFileReference; lastKnownFileType = sourcecode.swift; path = ComicLayoutTableViewCell.swift; sourceTree = "<group>"; };
		890029C72BFDFC3D00DB1BA1 /* ComicData.swift */ = {isa = PBXFileReference; lastKnownFileType = sourcecode.swift; name = ComicData.swift; path = MangaComic/Models/ComicData.swift; sourceTree = SOURCE_ROOT; };
		8925D35C2C01624C00434B50 /* MangaComic.app */ = {isa = PBXFileReference; explicitFileType = wrapper.application; includeInIndex = 0; name = MangaComic.app; path = "/Users/dattodev/Desktop/MangaComic/build/Debug-iphoneos/MangaComic.app"; sourceTree = "<absolute>"; };
		8925D35D2C01624C00434B50 /* MangaComicTests.xctest */ = {isa = PBXFileReference; explicitFileType = wrapper.cfbundle; includeInIndex = 0; name = MangaComicTests.xctest; path = "/Users/dattodev/Desktop/MangaComic/build/Debug-iphoneos/MangaComic.app/PlugIns/MangaComicTests.xctest"; sourceTree = "<absolute>"; };
		8925D35E2C01624C00434B50 /* MangaComicUITests.xctest */ = {isa = PBXFileReference; explicitFileType = wrapper.cfbundle; includeInIndex = 0; name = MangaComicUITests.xctest; path = "/Users/dattodev/Desktop/MangaComic/build/Debug-iphoneos/MangaComicUITests-Runner.app/PlugIns/MangaComicUITests.xctest"; sourceTree = "<absolute>"; };
		8925D35F2C016A9E00434B50 /* ComicGenres.swift */ = {isa = PBXFileReference; lastKnownFileType = sourcecode.swift; name = ComicGenres.swift; path = MangaComic/Models/ComicGenres.swift; sourceTree = SOURCE_ROOT; };
		8925D3612C016B5100434B50 /* ComicGenresApiResponse.swift */ = {isa = PBXFileReference; lastKnownFileType = sourcecode.swift; name = ComicGenresApiResponse.swift; path = MangaComic/Models/ComicGenresApiResponse.swift; sourceTree = SOURCE_ROOT; };
		8925D3632C016ECE00434B50 /* ComicDataByGenres.swift */ = {isa = PBXFileReference; lastKnownFileType = sourcecode.swift; name = ComicDataByGenres.swift; path = MangaComic/Models/ComicDataByGenres.swift; sourceTree = SOURCE_ROOT; };
		8925D3652C016F8000434B50 /* ComicDataByGenresApiResponse.swift */ = {isa = PBXFileReference; lastKnownFileType = sourcecode.swift; name = ComicDataByGenresApiResponse.swift; path = MangaComic/Models/ComicDataByGenresApiResponse.swift; sourceTree = SOURCE_ROOT; };
		8937407F2BFC98A30082E198 /* HomeController.swift */ = {isa = PBXFileReference; lastKnownFileType = sourcecode.swift; path = HomeController.swift; sourceTree = "<group>"; };
		893740832BFCA6050082E198 /* SlideControllerCollectionViewCell.swift */ = {isa = PBXFileReference; lastKnownFileType = sourcecode.swift; path = SlideControllerCollectionViewCell.swift; sourceTree = "<group>"; };
		8989D71C2BFE395000C439FF /* ComicsApiResponse.swift */ = {isa = PBXFileReference; lastKnownFileType = sourcecode.swift; name = ComicsApiResponse.swift; path = MangaComic/Models/ComicsApiResponse.swift; sourceTree = SOURCE_ROOT; };
		8989D71E2BFE39CA00C439FF /* ComicDataResponse.swift */ = {isa = PBXFileReference; lastKnownFileType = sourcecode.swift; name = ComicDataResponse.swift; path = MangaComic/Models/ComicDataResponse.swift; sourceTree = SOURCE_ROOT; };
		89BD6DF52BFC585500BA1618 /* AppDelegate.swift */ = {isa = PBXFileReference; lastKnownFileType = sourcecode.swift; path = AppDelegate.swift; sourceTree = "<group>"; };
		89BD6DF72BFC585500BA1618 /* SceneDelegate.swift */ = {isa = PBXFileReference; lastKnownFileType = sourcecode.swift; path = SceneDelegate.swift; sourceTree = "<group>"; };
		89BD6DF92BFC585500BA1618 /* ViewController.swift */ = {isa = PBXFileReference; lastKnownFileType = sourcecode.swift; path = ViewController.swift; sourceTree = "<group>"; };
		89BD6DFC2BFC585500BA1618 /* Base */ = {isa = PBXFileReference; lastKnownFileType = file.storyboard; name = Base; path = Base.lproj/Main.storyboard; sourceTree = "<group>"; };
		89BD6DFE2BFC585700BA1618 /* Assets.xcassets */ = {isa = PBXFileReference; lastKnownFileType = folder.assetcatalog; path = Assets.xcassets; sourceTree = "<group>"; };
		89BD6E012BFC585700BA1618 /* Base */ = {isa = PBXFileReference; lastKnownFileType = file.storyboard; name = Base; path = Base.lproj/LaunchScreen.storyboard; sourceTree = "<group>"; };
		89BD6E032BFC585700BA1618 /* Info.plist */ = {isa = PBXFileReference; lastKnownFileType = text.plist.xml; path = Info.plist; sourceTree = "<group>"; };
		89BD6E0C2BFC585800BA1618 /* MangaComicTests.swift */ = {isa = PBXFileReference; lastKnownFileType = sourcecode.swift; path = MangaComicTests.swift; sourceTree = "<group>"; };
		89BD6E162BFC585800BA1618 /* MangaComicUITests.swift */ = {isa = PBXFileReference; lastKnownFileType = sourcecode.swift; path = MangaComicUITests.swift; sourceTree = "<group>"; };
		89BD6E182BFC585800BA1618 /* MangaComicUITestsLaunchTests.swift */ = {isa = PBXFileReference; lastKnownFileType = sourcecode.swift; path = MangaComicUITestsLaunchTests.swift; sourceTree = "<group>"; };
		B67814C22BFCE2E100C927FF /* MangaComic-Bridging-Header.h */ = {isa = PBXFileReference; lastKnownFileType = sourcecode.c.h; path = "MangaComic-Bridging-Header.h"; sourceTree = "<group>"; };
		B67814C32BFCE2E200C927FF /* FMDatabaseAdditions.h */ = {isa = PBXFileReference; fileEncoding = 4; lastKnownFileType = sourcecode.c.h; name = FMDatabaseAdditions.h; path = MangaComic/FMDB/src/FMDatabaseAdditions.h; sourceTree = SOURCE_ROOT; };
		B67814C42BFCE2E200C927FF /* FMDatabase.h */ = {isa = PBXFileReference; fileEncoding = 4; lastKnownFileType = sourcecode.c.h; name = FMDatabase.h; path = MangaComic/FMDB/src/FMDatabase.h; sourceTree = SOURCE_ROOT; };
		B67814C52BFCE2E200C927FF /* FMDatabaseQueue.h */ = {isa = PBXFileReference; fileEncoding = 4; lastKnownFileType = sourcecode.c.h; name = FMDatabaseQueue.h; path = MangaComic/FMDB/src/FMDatabaseQueue.h; sourceTree = SOURCE_ROOT; };
		B67814C62BFCE2E200C927FF /* FMDatabaseQueue.m */ = {isa = PBXFileReference; fileEncoding = 4; lastKnownFileType = sourcecode.c.objc; name = FMDatabaseQueue.m; path = MangaComic/FMDB/src/FMDatabaseQueue.m; sourceTree = SOURCE_ROOT; };
		B67814C72BFCE2E200C927FF /* FMDatabasePool.h */ = {isa = PBXFileReference; fileEncoding = 4; lastKnownFileType = sourcecode.c.h; name = FMDatabasePool.h; path = MangaComic/FMDB/src/FMDatabasePool.h; sourceTree = SOURCE_ROOT; };
		B67814C82BFCE2E200C927FF /* FMResultSet.h */ = {isa = PBXFileReference; fileEncoding = 4; lastKnownFileType = sourcecode.c.h; name = FMResultSet.h; path = MangaComic/FMDB/src/FMResultSet.h; sourceTree = SOURCE_ROOT; };
		B67814C92BFCE2E200C927FF /* FMResultSet.m */ = {isa = PBXFileReference; fileEncoding = 4; lastKnownFileType = sourcecode.c.objc; name = FMResultSet.m; path = MangaComic/FMDB/src/FMResultSet.m; sourceTree = SOURCE_ROOT; };
		B67814CA2BFCE2E200C927FF /* FMDB.h */ = {isa = PBXFileReference; fileEncoding = 4; lastKnownFileType = sourcecode.c.h; name = FMDB.h; path = MangaComic/FMDB/src/FMDB.h; sourceTree = SOURCE_ROOT; };
		B67814CB2BFCE2E200C927FF /* FMDatabase.m */ = {isa = PBXFileReference; fileEncoding = 4; lastKnownFileType = sourcecode.c.objc; name = FMDatabase.m; path = MangaComic/FMDB/src/FMDatabase.m; sourceTree = SOURCE_ROOT; };
		B67814CC2BFCE2E200C927FF /* FMDatabaseAdditions.m */ = {isa = PBXFileReference; fileEncoding = 4; lastKnownFileType = sourcecode.c.objc; name = FMDatabaseAdditions.m; path = MangaComic/FMDB/src/FMDatabaseAdditions.m; sourceTree = SOURCE_ROOT; };
		B67814CD2BFCE2E200C927FF /* FMDatabasePool.m */ = {isa = PBXFileReference; fileEncoding = 4; lastKnownFileType = sourcecode.c.objc; name = FMDatabasePool.m; path = MangaComic/FMDB/src/FMDatabasePool.m; sourceTree = SOURCE_ROOT; };
/* End PBXFileReference section */

/* Begin PBXFrameworksBuildPhase section */
		89BD6DEF2BFC585500BA1618 /* Frameworks */ = {
			isa = PBXFrameworksBuildPhase;
			buildActionMask = 2147483647;
			files = (
				891CF6DD2C00C707004FF902 /* Kingfisher in Frameworks */,
				891CF6D92C00C6FB004FF902 /* Alamofire in Frameworks */,
				891CF6DB2C00C6FB004FF902 /* AlamofireDynamic in Frameworks */,
			);
			runOnlyForDeploymentPostprocessing = 0;
		};
		89BD6E052BFC585800BA1618 /* Frameworks */ = {
			isa = PBXFrameworksBuildPhase;
			buildActionMask = 2147483647;
			files = (
			);
			runOnlyForDeploymentPostprocessing = 0;
		};
		89BD6E0F2BFC585800BA1618 /* Frameworks */ = {
			isa = PBXFrameworksBuildPhase;
			buildActionMask = 2147483647;
			files = (
				891CF6E02C00C8DB004FF902 /* Alamofire in Frameworks */,
				891CF6E22C00C8E0004FF902 /* AlamofireDynamic in Frameworks */,
			);
			runOnlyForDeploymentPostprocessing = 0;
		};
/* End PBXFrameworksBuildPhase section */

/* Begin PBXGroup section */
		8925D36A2C01982E00434B50 /* Models */ = {
			isa = PBXGroup;
			children = (
				890029C72BFDFC3D00DB1BA1 /* ComicData.swift */,
				8989D71C2BFE395000C439FF /* ComicsApiResponse.swift */,
				8989D71E2BFE39CA00C439FF /* ComicDataResponse.swift */,
				8925D35F2C016A9E00434B50 /* ComicGenres.swift */,
				8925D3612C016B5100434B50 /* ComicGenresApiResponse.swift */,
				8925D3632C016ECE00434B50 /* ComicDataByGenres.swift */,
				8925D3652C016F8000434B50 /* ComicDataByGenresApiResponse.swift */,
			);
			path = Models;
			sourceTree = "<group>";
		};
		893740822BFCA5B90082E198 /* Customs */ = {
			isa = PBXGroup;
			children = (
				893740832BFCA6050082E198 /* SlideControllerCollectionViewCell.swift */,
				890029C32BFDF9F500DB1BA1 /* ComicLayoutCollectionViewCell.swift */,
				890029C52BFDFA3C00DB1BA1 /* ComicLayoutTableViewCell.swift */,
			);
			name = Customs;
			sourceTree = "<group>";
		};
		89BD6DE92BFC585500BA1618 = {
			isa = PBXGroup;
			children = (
				89BD6DF42BFC585500BA1618 /* MangaComic */,
				89BD6E0B2BFC585800BA1618 /* MangaComicTests */,
				89BD6E152BFC585800BA1618 /* MangaComicUITests */,
			);
			sourceTree = "<group>";
		};
		89BD6DF42BFC585500BA1618 /* MangaComic */ = {
			isa = PBXGroup;
			children = (
				8925D36A2C01982E00434B50 /* Models */,
				893740822BFCA5B90082E198 /* Customs */,
				B67814BF2BFCE27100C927FF /* FMDB */,
				B67814BD2BFCE25E00C927FF /* Controllers */,
				B67814BA2BFCE23C00C927FF /* Systems */,
				89BD6DFB2BFC585500BA1618 /* Main.storyboard */,
			);
			path = MangaComic;
			sourceTree = "<group>";
		};
		89BD6E0B2BFC585800BA1618 /* MangaComicTests */ = {
			isa = PBXGroup;
			children = (
				89BD6E0C2BFC585800BA1618 /* MangaComicTests.swift */,
			);
			path = MangaComicTests;
			sourceTree = "<group>";
		};
		89BD6E152BFC585800BA1618 /* MangaComicUITests */ = {
			isa = PBXGroup;
			children = (
				89BD6E162BFC585800BA1618 /* MangaComicUITests.swift */,
				89BD6E182BFC585800BA1618 /* MangaComicUITestsLaunchTests.swift */,
			);
			path = MangaComicUITests;
			sourceTree = "<group>";
		};
		B67814BA2BFCE23C00C927FF /* Systems */ = {
			isa = PBXGroup;
			children = (
				89BD6DFE2BFC585700BA1618 /* Assets.xcassets */,
				89BD6E002BFC585700BA1618 /* LaunchScreen.storyboard */,
				89BD6E032BFC585700BA1618 /* Info.plist */,
				89BD6DF52BFC585500BA1618 /* AppDelegate.swift */,
				89BD6DF72BFC585500BA1618 /* SceneDelegate.swift */,
			);
			name = Systems;
			sourceTree = "<group>";
		};
		B67814BD2BFCE25E00C927FF /* Controllers */ = {
			isa = PBXGroup;
			children = (
				89BD6DF92BFC585500BA1618 /* ViewController.swift */,
				8937407F2BFC98A30082E198 /* HomeController.swift */,
			);
			path = Controllers;
			sourceTree = "<group>";
		};
		B67814BF2BFCE27100C927FF /* FMDB */ = {
			isa = PBXGroup;
			children = (
				B67814D32BFCE2E600C927FF /* DAL */,
				B67814C12BFCE2C900C927FF /* fmdb framework */,
				B67814C02BFCE27A00C927FF /* src */,
			);
			path = FMDB;
			sourceTree = "<group>";
		};
		B67814C02BFCE27A00C927FF /* src */ = {
			isa = PBXGroup;
			children = (
			);
			path = src;
			sourceTree = "<group>";
		};
		B67814C12BFCE2C900C927FF /* fmdb framework */ = {
			isa = PBXGroup;
			children = (
				B67814C42BFCE2E200C927FF /* FMDatabase.h */,
				B67814CB2BFCE2E200C927FF /* FMDatabase.m */,
				B67814C32BFCE2E200C927FF /* FMDatabaseAdditions.h */,
				B67814CC2BFCE2E200C927FF /* FMDatabaseAdditions.m */,
				B67814C72BFCE2E200C927FF /* FMDatabasePool.h */,
				B67814CD2BFCE2E200C927FF /* FMDatabasePool.m */,
				B67814C52BFCE2E200C927FF /* FMDatabaseQueue.h */,
				B67814C62BFCE2E200C927FF /* FMDatabaseQueue.m */,
				B67814CA2BFCE2E200C927FF /* FMDB.h */,
				B67814C82BFCE2E200C927FF /* FMResultSet.h */,
				B67814C92BFCE2E200C927FF /* FMResultSet.m */,
				B67814C22BFCE2E100C927FF /* MangaComic-Bridging-Header.h */,
			);
			path = "fmdb framework";
			sourceTree = "<group>";
		};
		B67814D32BFCE2E600C927FF /* DAL */ = {
			isa = PBXGroup;
			children = (
			);
			path = DAL;
			sourceTree = "<group>";
		};
/* End PBXGroup section */

/* Begin PBXNativeTarget section */
		89BD6DF12BFC585500BA1618 /* MangaComic */ = {
			isa = PBXNativeTarget;
			buildConfigurationList = 89BD6E1C2BFC585800BA1618 /* Build configuration list for PBXNativeTarget "MangaComic" */;
			buildPhases = (
				89BD6DEE2BFC585500BA1618 /* Sources */,
				89BD6DEF2BFC585500BA1618 /* Frameworks */,
				89BD6DF02BFC585500BA1618 /* Resources */,
				891CF6D52C00C5AE004FF902 /* Embed Frameworks */,
			);
			buildRules = (
			);
			dependencies = (
			);
			name = MangaComic;
			packageProductDependencies = (
				891CF6D82C00C6FB004FF902 /* Alamofire */,
				891CF6DA2C00C6FB004FF902 /* AlamofireDynamic */,
				891CF6DC2C00C707004FF902 /* Kingfisher */,
			);
			productName = MangaComic;
			productReference = 8925D35C2C01624C00434B50 /* MangaComic.app */;
			productType = "com.apple.product-type.application";
		};
		89BD6E072BFC585800BA1618 /* MangaComicTests */ = {
			isa = PBXNativeTarget;
			buildConfigurationList = 89BD6E1F2BFC585800BA1618 /* Build configuration list for PBXNativeTarget "MangaComicTests" */;
			buildPhases = (
				89BD6E042BFC585800BA1618 /* Sources */,
				89BD6E052BFC585800BA1618 /* Frameworks */,
				89BD6E062BFC585800BA1618 /* Resources */,
			);
			buildRules = (
			);
			dependencies = (
				89BD6E0A2BFC585800BA1618 /* PBXTargetDependency */,
			);
			name = MangaComicTests;
			productName = MangaComicTests;
			productReference = 8925D35D2C01624C00434B50 /* MangaComicTests.xctest */;
			productType = "com.apple.product-type.bundle.unit-test";
		};
		89BD6E112BFC585800BA1618 /* MangaComicUITests */ = {
			isa = PBXNativeTarget;
			buildConfigurationList = 89BD6E222BFC585800BA1618 /* Build configuration list for PBXNativeTarget "MangaComicUITests" */;
			buildPhases = (
				89BD6E0E2BFC585800BA1618 /* Sources */,
				89BD6E0F2BFC585800BA1618 /* Frameworks */,
				89BD6E102BFC585800BA1618 /* Resources */,
				891CF6E42C00C8E0004FF902 /* Embed Frameworks */,
			);
			buildRules = (
			);
			dependencies = (
				89BD6E142BFC585800BA1618 /* PBXTargetDependency */,
			);
			name = MangaComicUITests;
			packageProductDependencies = (
				891CF6DF2C00C8DB004FF902 /* Alamofire */,
				891CF6E12C00C8E0004FF902 /* AlamofireDynamic */,
			);
			productName = MangaComicUITests;
			productReference = 8925D35E2C01624C00434B50 /* MangaComicUITests.xctest */;
			productType = "com.apple.product-type.bundle.ui-testing";
		};
/* End PBXNativeTarget section */

/* Begin PBXProject section */
		89BD6DEA2BFC585500BA1618 /* Project object */ = {
			isa = PBXProject;
			attributes = {
				BuildIndependentTargetsInParallel = 1;
				LastSwiftUpdateCheck = 1530;
				LastUpgradeCheck = 1530;
				TargetAttributes = {
					89BD6DF12BFC585500BA1618 = {
						CreatedOnToolsVersion = 15.3;
						LastSwiftMigration = 1530;
					};
					89BD6E072BFC585800BA1618 = {
						CreatedOnToolsVersion = 15.3;
						TestTargetID = 89BD6DF12BFC585500BA1618;
					};
					89BD6E112BFC585800BA1618 = {
						CreatedOnToolsVersion = 15.3;
						TestTargetID = 89BD6DF12BFC585500BA1618;
					};
				};
			};
			buildConfigurationList = 89BD6DED2BFC585500BA1618 /* Build configuration list for PBXProject "MangaComic" */;
			compatibilityVersion = "Xcode 14.0";
			developmentRegion = en;
			hasScannedForEncodings = 0;
			knownRegions = (
				en,
				Base,
			);
			mainGroup = 89BD6DE92BFC585500BA1618;
			packageReferences = (
				89F842972BFF095000EF5419 /* XCRemoteSwiftPackageReference "Kingfisher" */,
				896116F92BFF815D00C405AF /* XCRemoteSwiftPackageReference "Alamofire" */,
			);
			productRefGroup = 89BD6DE92BFC585500BA1618;
			projectDirPath = "";
			projectRoot = "";
			targets = (
				89BD6DF12BFC585500BA1618 /* MangaComic */,
				89BD6E072BFC585800BA1618 /* MangaComicTests */,
				89BD6E112BFC585800BA1618 /* MangaComicUITests */,
			);
		};
/* End PBXProject section */

/* Begin PBXResourcesBuildPhase section */
		89BD6DF02BFC585500BA1618 /* Resources */ = {
			isa = PBXResourcesBuildPhase;
			buildActionMask = 2147483647;
			files = (
				89BD6DFF2BFC585700BA1618 /* Assets.xcassets in Resources */,
				89BD6E022BFC585700BA1618 /* Base in Resources */,
				89BD6DFD2BFC585500BA1618 /* Base in Resources */,
			);
			runOnlyForDeploymentPostprocessing = 0;
		};
		89BD6E062BFC585800BA1618 /* Resources */ = {
			isa = PBXResourcesBuildPhase;
			buildActionMask = 2147483647;
			files = (
			);
			runOnlyForDeploymentPostprocessing = 0;
		};
		89BD6E102BFC585800BA1618 /* Resources */ = {
			isa = PBXResourcesBuildPhase;
			buildActionMask = 2147483647;
			files = (
			);
			runOnlyForDeploymentPostprocessing = 0;
		};
/* End PBXResourcesBuildPhase section */

/* Begin PBXSourcesBuildPhase section */
		89BD6DEE2BFC585500BA1618 /* Sources */ = {
			isa = PBXSourcesBuildPhase;
			buildActionMask = 2147483647;
			files = (
				89BD6DFA2BFC585500BA1618 /* ViewController.swift in Sources */,
				B67814CE2BFCE2E200C927FF /* FMDatabaseQueue.m in Sources */,
				893740842BFCA6050082E198 /* SlideControllerCollectionViewCell.swift in Sources */,
				890029C42BFDF9F500DB1BA1 /* ComicLayoutCollectionViewCell.swift in Sources */,
				89BD6DF62BFC585500BA1618 /* AppDelegate.swift in Sources */,
				890029C82BFDFC3D00DB1BA1 /* ComicData.swift in Sources */,
				8925D3622C016B5100434B50 /* ComicGenresApiResponse.swift in Sources */,
				890029C62BFDFA3C00DB1BA1 /* ComicLayoutTableViewCell.swift in Sources */,
				8925D3642C016ECE00434B50 /* ComicDataByGenres.swift in Sources */,
				8925D3662C016F8000434B50 /* ComicDataByGenresApiResponse.swift in Sources */,
				B67814D02BFCE2E200C927FF /* FMDatabase.m in Sources */,
				89BD6DF82BFC585500BA1618 /* SceneDelegate.swift in Sources */,
				893740802BFC98A30082E198 /* HomeController.swift in Sources */,
				B67814D22BFCE2E200C927FF /* FMDatabasePool.m in Sources */,
				8925D3602C016A9E00434B50 /* ComicGenres.swift in Sources */,
				8989D71D2BFE395000C439FF /* ComicsApiResponse.swift in Sources */,
				8989D71F2BFE39CA00C439FF /* ComicDataResponse.swift in Sources */,
				B67814D12BFCE2E200C927FF /* FMDatabaseAdditions.m in Sources */,
				B67814CF2BFCE2E200C927FF /* FMResultSet.m in Sources */,
			);
			runOnlyForDeploymentPostprocessing = 0;
		};
		89BD6E042BFC585800BA1618 /* Sources */ = {
			isa = PBXSourcesBuildPhase;
			buildActionMask = 2147483647;
			files = (
				89BD6E0D2BFC585800BA1618 /* MangaComicTests.swift in Sources */,
			);
			runOnlyForDeploymentPostprocessing = 0;
		};
		89BD6E0E2BFC585800BA1618 /* Sources */ = {
			isa = PBXSourcesBuildPhase;
			buildActionMask = 2147483647;
			files = (
				89BD6E172BFC585800BA1618 /* MangaComicUITests.swift in Sources */,
				89BD6E192BFC585800BA1618 /* MangaComicUITestsLaunchTests.swift in Sources */,
			);
			runOnlyForDeploymentPostprocessing = 0;
		};
/* End PBXSourcesBuildPhase section */

/* Begin PBXTargetDependency section */
		89BD6E0A2BFC585800BA1618 /* PBXTargetDependency */ = {
			isa = PBXTargetDependency;
			target = 89BD6DF12BFC585500BA1618 /* MangaComic */;
			targetProxy = 89BD6E092BFC585800BA1618 /* PBXContainerItemProxy */;
		};
		89BD6E142BFC585800BA1618 /* PBXTargetDependency */ = {
			isa = PBXTargetDependency;
			target = 89BD6DF12BFC585500BA1618 /* MangaComic */;
			targetProxy = 89BD6E132BFC585800BA1618 /* PBXContainerItemProxy */;
		};
/* End PBXTargetDependency section */

/* Begin PBXVariantGroup section */
		89BD6DFB2BFC585500BA1618 /* Main.storyboard */ = {
			isa = PBXVariantGroup;
			children = (
				89BD6DFC2BFC585500BA1618 /* Base */,
			);
			name = Main.storyboard;
			sourceTree = "<group>";
		};
		89BD6E002BFC585700BA1618 /* LaunchScreen.storyboard */ = {
			isa = PBXVariantGroup;
			children = (
				89BD6E012BFC585700BA1618 /* Base */,
			);
			name = LaunchScreen.storyboard;
			sourceTree = "<group>";
		};
/* End PBXVariantGroup section */

/* Begin XCBuildConfiguration section */
		89BD6E1A2BFC585800BA1618 /* Debug */ = {
			isa = XCBuildConfiguration;
			buildSettings = {
				ALWAYS_SEARCH_USER_PATHS = NO;
				ASSETCATALOG_COMPILER_GENERATE_SWIFT_ASSET_SYMBOL_EXTENSIONS = YES;
				CLANG_ANALYZER_NONNULL = YES;
				CLANG_ANALYZER_NUMBER_OBJECT_CONVERSION = YES_AGGRESSIVE;
				CLANG_CXX_LANGUAGE_STANDARD = "gnu++20";
				CLANG_ENABLE_MODULES = YES;
				CLANG_ENABLE_OBJC_ARC = YES;
				CLANG_ENABLE_OBJC_WEAK = YES;
				CLANG_WARN_BLOCK_CAPTURE_AUTORELEASING = YES;
				CLANG_WARN_BOOL_CONVERSION = YES;
				CLANG_WARN_COMMA = YES;
				CLANG_WARN_CONSTANT_CONVERSION = YES;
				CLANG_WARN_DEPRECATED_OBJC_IMPLEMENTATIONS = YES;
				CLANG_WARN_DIRECT_OBJC_ISA_USAGE = YES_ERROR;
				CLANG_WARN_DOCUMENTATION_COMMENTS = YES;
				CLANG_WARN_EMPTY_BODY = YES;
				CLANG_WARN_ENUM_CONVERSION = YES;
				CLANG_WARN_INFINITE_RECURSION = YES;
				CLANG_WARN_INT_CONVERSION = YES;
				CLANG_WARN_NON_LITERAL_NULL_CONVERSION = YES;
				CLANG_WARN_OBJC_IMPLICIT_RETAIN_SELF = YES;
				CLANG_WARN_OBJC_LITERAL_CONVERSION = YES;
				CLANG_WARN_OBJC_ROOT_CLASS = YES_ERROR;
				CLANG_WARN_QUOTED_INCLUDE_IN_FRAMEWORK_HEADER = YES;
				CLANG_WARN_RANGE_LOOP_ANALYSIS = YES;
				CLANG_WARN_STRICT_PROTOTYPES = YES;
				CLANG_WARN_SUSPICIOUS_MOVE = YES;
				CLANG_WARN_UNGUARDED_AVAILABILITY = YES_AGGRESSIVE;
				CLANG_WARN_UNREACHABLE_CODE = YES;
				CLANG_WARN__DUPLICATE_METHOD_MATCH = YES;
				COPY_PHASE_STRIP = NO;
				DEBUG_INFORMATION_FORMAT = dwarf;
				ENABLE_STRICT_OBJC_MSGSEND = YES;
				ENABLE_TESTABILITY = YES;
				ENABLE_USER_SCRIPT_SANDBOXING = YES;
				GCC_C_LANGUAGE_STANDARD = gnu17;
				GCC_DYNAMIC_NO_PIC = NO;
				GCC_NO_COMMON_BLOCKS = YES;
				GCC_OPTIMIZATION_LEVEL = 0;
				GCC_PREPROCESSOR_DEFINITIONS = (
					"DEBUG=1",
					"$(inherited)",
				);
				GCC_WARN_64_TO_32_BIT_CONVERSION = YES;
				GCC_WARN_ABOUT_RETURN_TYPE = YES_ERROR;
				GCC_WARN_UNDECLARED_SELECTOR = YES;
				GCC_WARN_UNINITIALIZED_AUTOS = YES_AGGRESSIVE;
				GCC_WARN_UNUSED_FUNCTION = YES;
				GCC_WARN_UNUSED_VARIABLE = YES;
				IPHONEOS_DEPLOYMENT_TARGET = 17.4;
				LOCALIZATION_PREFERS_STRING_CATALOGS = YES;
				MTL_ENABLE_DEBUG_INFO = INCLUDE_SOURCE;
				MTL_FAST_MATH = YES;
				ONLY_ACTIVE_ARCH = YES;
				SDKROOT = iphoneos;
				SWIFT_ACTIVE_COMPILATION_CONDITIONS = "DEBUG $(inherited)";
				SWIFT_OPTIMIZATION_LEVEL = "-Onone";
			};
			name = Debug;
		};
		89BD6E1B2BFC585800BA1618 /* Release */ = {
			isa = XCBuildConfiguration;
			buildSettings = {
				ALWAYS_SEARCH_USER_PATHS = NO;
				ASSETCATALOG_COMPILER_GENERATE_SWIFT_ASSET_SYMBOL_EXTENSIONS = YES;
				CLANG_ANALYZER_NONNULL = YES;
				CLANG_ANALYZER_NUMBER_OBJECT_CONVERSION = YES_AGGRESSIVE;
				CLANG_CXX_LANGUAGE_STANDARD = "gnu++20";
				CLANG_ENABLE_MODULES = YES;
				CLANG_ENABLE_OBJC_ARC = YES;
				CLANG_ENABLE_OBJC_WEAK = YES;
				CLANG_WARN_BLOCK_CAPTURE_AUTORELEASING = YES;
				CLANG_WARN_BOOL_CONVERSION = YES;
				CLANG_WARN_COMMA = YES;
				CLANG_WARN_CONSTANT_CONVERSION = YES;
				CLANG_WARN_DEPRECATED_OBJC_IMPLEMENTATIONS = YES;
				CLANG_WARN_DIRECT_OBJC_ISA_USAGE = YES_ERROR;
				CLANG_WARN_DOCUMENTATION_COMMENTS = YES;
				CLANG_WARN_EMPTY_BODY = YES;
				CLANG_WARN_ENUM_CONVERSION = YES;
				CLANG_WARN_INFINITE_RECURSION = YES;
				CLANG_WARN_INT_CONVERSION = YES;
				CLANG_WARN_NON_LITERAL_NULL_CONVERSION = YES;
				CLANG_WARN_OBJC_IMPLICIT_RETAIN_SELF = YES;
				CLANG_WARN_OBJC_LITERAL_CONVERSION = YES;
				CLANG_WARN_OBJC_ROOT_CLASS = YES_ERROR;
				CLANG_WARN_QUOTED_INCLUDE_IN_FRAMEWORK_HEADER = YES;
				CLANG_WARN_RANGE_LOOP_ANALYSIS = YES;
				CLANG_WARN_STRICT_PROTOTYPES = YES;
				CLANG_WARN_SUSPICIOUS_MOVE = YES;
				CLANG_WARN_UNGUARDED_AVAILABILITY = YES_AGGRESSIVE;
				CLANG_WARN_UNREACHABLE_CODE = YES;
				CLANG_WARN__DUPLICATE_METHOD_MATCH = YES;
				COPY_PHASE_STRIP = NO;
				DEBUG_INFORMATION_FORMAT = "dwarf-with-dsym";
				ENABLE_NS_ASSERTIONS = NO;
				ENABLE_STRICT_OBJC_MSGSEND = YES;
				ENABLE_USER_SCRIPT_SANDBOXING = YES;
				GCC_C_LANGUAGE_STANDARD = gnu17;
				GCC_NO_COMMON_BLOCKS = YES;
				GCC_WARN_64_TO_32_BIT_CONVERSION = YES;
				GCC_WARN_ABOUT_RETURN_TYPE = YES_ERROR;
				GCC_WARN_UNDECLARED_SELECTOR = YES;
				GCC_WARN_UNINITIALIZED_AUTOS = YES_AGGRESSIVE;
				GCC_WARN_UNUSED_FUNCTION = YES;
				GCC_WARN_UNUSED_VARIABLE = YES;
				IPHONEOS_DEPLOYMENT_TARGET = 17.4;
				LOCALIZATION_PREFERS_STRING_CATALOGS = YES;
				MTL_ENABLE_DEBUG_INFO = NO;
				MTL_FAST_MATH = YES;
				SDKROOT = iphoneos;
				SWIFT_COMPILATION_MODE = wholemodule;
				VALIDATE_PRODUCT = YES;
			};
			name = Release;
		};
		89BD6E1D2BFC585800BA1618 /* Debug */ = {
			isa = XCBuildConfiguration;
			buildSettings = {
				ASSETCATALOG_COMPILER_APPICON_NAME = AppIcon;
				ASSETCATALOG_COMPILER_GLOBAL_ACCENT_COLOR_NAME = AccentColor;
				CLANG_ENABLE_MODULES = YES;
				CODE_SIGN_STYLE = Automatic;
				CURRENT_PROJECT_VERSION = 1;
				GENERATE_INFOPLIST_FILE = YES;
				INFOPLIST_FILE = MangaComic/Info.plist;
				INFOPLIST_KEY_UIApplicationSupportsIndirectInputEvents = YES;
				INFOPLIST_KEY_UILaunchStoryboardName = LaunchScreen;
				INFOPLIST_KEY_UIMainStoryboardFile = Main;
				INFOPLIST_KEY_UISupportedInterfaceOrientations_iPad = "UIInterfaceOrientationPortrait UIInterfaceOrientationPortraitUpsideDown UIInterfaceOrientationLandscapeLeft UIInterfaceOrientationLandscapeRight";
				INFOPLIST_KEY_UISupportedInterfaceOrientations_iPhone = "UIInterfaceOrientationPortrait UIInterfaceOrientationLandscapeLeft UIInterfaceOrientationLandscapeRight";
				LD_RUNPATH_SEARCH_PATHS = (
					"$(inherited)",
					"@executable_path/Frameworks",
				);
				MARKETING_VERSION = 1.0;
				PRODUCT_BUNDLE_IDENTIFIER = manga.comic.MangaComic;
				PRODUCT_NAME = "$(TARGET_NAME)";
				SWIFT_EMIT_LOC_STRINGS = YES;
				SWIFT_OBJC_BRIDGING_HEADER = "MangaComic/FMDB/fmdb framework/MangaComic-Bridging-Header.h";
				SWIFT_OPTIMIZATION_LEVEL = "-Onone";
				SWIFT_VERSION = 5.0;
				TARGETED_DEVICE_FAMILY = "1,2";
			};
			name = Debug;
		};
		89BD6E1E2BFC585800BA1618 /* Release */ = {
			isa = XCBuildConfiguration;
			buildSettings = {
				ASSETCATALOG_COMPILER_APPICON_NAME = AppIcon;
				ASSETCATALOG_COMPILER_GLOBAL_ACCENT_COLOR_NAME = AccentColor;
				CLANG_ENABLE_MODULES = YES;
				CODE_SIGN_STYLE = Automatic;
				CURRENT_PROJECT_VERSION = 1;
				GENERATE_INFOPLIST_FILE = YES;
				INFOPLIST_FILE = MangaComic/Info.plist;
				INFOPLIST_KEY_UIApplicationSupportsIndirectInputEvents = YES;
				INFOPLIST_KEY_UILaunchStoryboardName = LaunchScreen;
				INFOPLIST_KEY_UIMainStoryboardFile = Main;
				INFOPLIST_KEY_UISupportedInterfaceOrientations_iPad = "UIInterfaceOrientationPortrait UIInterfaceOrientationPortraitUpsideDown UIInterfaceOrientationLandscapeLeft UIInterfaceOrientationLandscapeRight";
				INFOPLIST_KEY_UISupportedInterfaceOrientations_iPhone = "UIInterfaceOrientationPortrait UIInterfaceOrientationLandscapeLeft UIInterfaceOrientationLandscapeRight";
				LD_RUNPATH_SEARCH_PATHS = (
					"$(inherited)",
					"@executable_path/Frameworks",
				);
				MARKETING_VERSION = 1.0;
				PRODUCT_BUNDLE_IDENTIFIER = manga.comic.MangaComic;
				PRODUCT_NAME = "$(TARGET_NAME)";
				SWIFT_EMIT_LOC_STRINGS = YES;
				SWIFT_OBJC_BRIDGING_HEADER = "MangaComic/FMDB/fmdb framework/MangaComic-Bridging-Header.h";
				SWIFT_VERSION = 5.0;
				TARGETED_DEVICE_FAMILY = "1,2";
			};
			name = Release;
		};
		89BD6E202BFC585800BA1618 /* Debug */ = {
			isa = XCBuildConfiguration;
			buildSettings = {
				ALWAYS_EMBED_SWIFT_STANDARD_LIBRARIES = YES;
				BUNDLE_LOADER = "$(TEST_HOST)";
				CODE_SIGN_STYLE = Automatic;
				CURRENT_PROJECT_VERSION = 1;
				GENERATE_INFOPLIST_FILE = YES;
				IPHONEOS_DEPLOYMENT_TARGET = 17.4;
				MARKETING_VERSION = 1.0;
				PRODUCT_BUNDLE_IDENTIFIER = manga.comic.MangaComicTests;
				PRODUCT_NAME = "$(TARGET_NAME)";
				SWIFT_EMIT_LOC_STRINGS = NO;
				SWIFT_VERSION = 5.0;
				TARGETED_DEVICE_FAMILY = "1,2";
				TEST_HOST = "$(BUILT_PRODUCTS_DIR)/MangaComic.app/$(BUNDLE_EXECUTABLE_FOLDER_PATH)/MangaComic";
			};
			name = Debug;
		};
		89BD6E212BFC585800BA1618 /* Release */ = {
			isa = XCBuildConfiguration;
			buildSettings = {
				ALWAYS_EMBED_SWIFT_STANDARD_LIBRARIES = YES;
				BUNDLE_LOADER = "$(TEST_HOST)";
				CODE_SIGN_STYLE = Automatic;
				CURRENT_PROJECT_VERSION = 1;
				GENERATE_INFOPLIST_FILE = YES;
				IPHONEOS_DEPLOYMENT_TARGET = 17.4;
				MARKETING_VERSION = 1.0;
				PRODUCT_BUNDLE_IDENTIFIER = manga.comic.MangaComicTests;
				PRODUCT_NAME = "$(TARGET_NAME)";
				SWIFT_EMIT_LOC_STRINGS = NO;
				SWIFT_VERSION = 5.0;
				TARGETED_DEVICE_FAMILY = "1,2";
				TEST_HOST = "$(BUILT_PRODUCTS_DIR)/MangaComic.app/$(BUNDLE_EXECUTABLE_FOLDER_PATH)/MangaComic";
			};
			name = Release;
		};
		89BD6E232BFC585800BA1618 /* Debug */ = {
			isa = XCBuildConfiguration;
			buildSettings = {
				ALWAYS_EMBED_SWIFT_STANDARD_LIBRARIES = YES;
				CODE_SIGN_STYLE = Automatic;
				CURRENT_PROJECT_VERSION = 1;
				GENERATE_INFOPLIST_FILE = YES;
				MARKETING_VERSION = 1.0;
				PRODUCT_BUNDLE_IDENTIFIER = manga.comic.MangaComicUITests;
				PRODUCT_NAME = "$(TARGET_NAME)";
				SWIFT_EMIT_LOC_STRINGS = NO;
				SWIFT_VERSION = 5.0;
				TARGETED_DEVICE_FAMILY = "1,2";
				TEST_TARGET_NAME = MangaComic;
			};
			name = Debug;
		};
		89BD6E242BFC585800BA1618 /* Release */ = {
			isa = XCBuildConfiguration;
			buildSettings = {
				ALWAYS_EMBED_SWIFT_STANDARD_LIBRARIES = YES;
				CODE_SIGN_STYLE = Automatic;
				CURRENT_PROJECT_VERSION = 1;
				GENERATE_INFOPLIST_FILE = YES;
				MARKETING_VERSION = 1.0;
				PRODUCT_BUNDLE_IDENTIFIER = manga.comic.MangaComicUITests;
				PRODUCT_NAME = "$(TARGET_NAME)";
				SWIFT_EMIT_LOC_STRINGS = NO;
				SWIFT_VERSION = 5.0;
				TARGETED_DEVICE_FAMILY = "1,2";
				TEST_TARGET_NAME = MangaComic;
			};
			name = Release;
		};
/* End XCBuildConfiguration section */

/* Begin XCConfigurationList section */
		89BD6DED2BFC585500BA1618 /* Build configuration list for PBXProject "MangaComic" */ = {
			isa = XCConfigurationList;
			buildConfigurations = (
				89BD6E1A2BFC585800BA1618 /* Debug */,
				89BD6E1B2BFC585800BA1618 /* Release */,
			);
			defaultConfigurationIsVisible = 0;
			defaultConfigurationName = Release;
		};
		89BD6E1C2BFC585800BA1618 /* Build configuration list for PBXNativeTarget "MangaComic" */ = {
			isa = XCConfigurationList;
			buildConfigurations = (
				89BD6E1D2BFC585800BA1618 /* Debug */,
				89BD6E1E2BFC585800BA1618 /* Release */,
			);
			defaultConfigurationIsVisible = 0;
			defaultConfigurationName = Release;
		};
		89BD6E1F2BFC585800BA1618 /* Build configuration list for PBXNativeTarget "MangaComicTests" */ = {
			isa = XCConfigurationList;
			buildConfigurations = (
				89BD6E202BFC585800BA1618 /* Debug */,
				89BD6E212BFC585800BA1618 /* Release */,
			);
			defaultConfigurationIsVisible = 0;
			defaultConfigurationName = Release;
		};
		89BD6E222BFC585800BA1618 /* Build configuration list for PBXNativeTarget "MangaComicUITests" */ = {
			isa = XCConfigurationList;
			buildConfigurations = (
				89BD6E232BFC585800BA1618 /* Debug */,
				89BD6E242BFC585800BA1618 /* Release */,
			);
			defaultConfigurationIsVisible = 0;
			defaultConfigurationName = Release;
		};
/* End XCConfigurationList section */

/* Begin XCRemoteSwiftPackageReference section */
		896116F92BFF815D00C405AF /* XCRemoteSwiftPackageReference "Alamofire" */ = {
			isa = XCRemoteSwiftPackageReference;
			repositoryURL = "https://github.com/Alamofire/Alamofire";
			requirement = {
				kind = upToNextMajorVersion;
				minimumVersion = 5.9.1;
			};
		};
		89F842972BFF095000EF5419 /* XCRemoteSwiftPackageReference "Kingfisher" */ = {
			isa = XCRemoteSwiftPackageReference;
			repositoryURL = "https://github.com/onevcat/Kingfisher.git";
			requirement = {
				kind = upToNextMajorVersion;
				minimumVersion = 7.11.0;
			};
		};
/* End XCRemoteSwiftPackageReference section */

/* Begin XCSwiftPackageProductDependency section */
		891CF6D82C00C6FB004FF902 /* Alamofire */ = {
			isa = XCSwiftPackageProductDependency;
			package = 896116F92BFF815D00C405AF /* XCRemoteSwiftPackageReference "Alamofire" */;
			productName = Alamofire;
		};
		891CF6DA2C00C6FB004FF902 /* AlamofireDynamic */ = {
			isa = XCSwiftPackageProductDependency;
			package = 896116F92BFF815D00C405AF /* XCRemoteSwiftPackageReference "Alamofire" */;
			productName = AlamofireDynamic;
		};
		891CF6DC2C00C707004FF902 /* Kingfisher */ = {
			isa = XCSwiftPackageProductDependency;
			package = 89F842972BFF095000EF5419 /* XCRemoteSwiftPackageReference "Kingfisher" */;
			productName = Kingfisher;
		};
		891CF6DF2C00C8DB004FF902 /* Alamofire */ = {
			isa = XCSwiftPackageProductDependency;
			package = 896116F92BFF815D00C405AF /* XCRemoteSwiftPackageReference "Alamofire" */;
			productName = Alamofire;
		};
		891CF6E12C00C8E0004FF902 /* AlamofireDynamic */ = {
			isa = XCSwiftPackageProductDependency;
			package = 896116F92BFF815D00C405AF /* XCRemoteSwiftPackageReference "Alamofire" */;
			productName = AlamofireDynamic;
		};
/* End XCSwiftPackageProductDependency section */
	};
	rootObject = 89BD6DEA2BFC585500BA1618 /* Project object */;
}
