// !$*UTF8*$!
{
	archiveVersion = 1;
	classes = {
	};
	objectVersion = 60;
	objects = {

/* Begin PBXBuildFile section */
		89BD6DF62BFC585500BA1618 /* AppDelegate.swift in Sources */ = {isa = PBXBuildFile; fileRef = 89BD6DF52BFC585500BA1618 /* AppDelegate.swift */; };
		89BD6DF82BFC585500BA1618 /* SceneDelegate.swift in Sources */ = {isa = PBXBuildFile; fileRef = 89BD6DF72BFC585500BA1618 /* SceneDelegate.swift */; };
		89BD6DFA2BFC585500BA1618 /* ViewController.swift in Sources */ = {isa = PBXBuildFile; fileRef = 89BD6DF92BFC585500BA1618 /* ViewController.swift */; };
		89BD6DFD2BFC585500BA1618 /* Base in Resources */ = {isa = PBXBuildFile; fileRef = 89BD6DFC2BFC585500BA1618 /* Base */; };
		89BD6DFF2BFC585700BA1618 /* Assets.xcassets in Resources */ = {isa = PBXBuildFile; fileRef = 89BD6DFE2BFC585700BA1618 /* Assets.xcassets */; };
		89BD6E022BFC585700BA1618 /* Base in Resources */ = {isa = PBXBuildFile; fileRef = 89BD6E012BFC585700BA1618 /* Base */; };
		89BD6E0D2BFC585800BA1618 /* MangaComicTests.swift in Sources */ = {isa = PBXBuildFile; fileRef = 89BD6E0C2BFC585800BA1618 /* MangaComicTests.swift */; };
		89BD6E172BFC585800BA1618 /* MangaComicUITests.swift in Sources */ = {isa = PBXBuildFile; fileRef = 89BD6E162BFC585800BA1618 /* MangaComicUITests.swift */; };
		89BD6E192BFC585800BA1618 /* MangaComicUITestsLaunchTests.swift in Sources */ = {isa = PBXBuildFile; fileRef = 89BD6E182BFC585800BA1618 /* MangaComicUITestsLaunchTests.swift */; };
		B67814CE2BFCE2E200C927FF /* FMDatabaseQueue.m in Sources */ = {isa = PBXBuildFile; fileRef = B67814C62BFCE2E200C927FF /* FMDatabaseQueue.m */; };
		B67814CF2BFCE2E200C927FF /* FMResultSet.m in Sources */ = {isa = PBXBuildFile; fileRef = B67814C92BFCE2E200C927FF /* FMResultSet.m */; };
		B67814D02BFCE2E200C927FF /* FMDatabase.m in Sources */ = {isa = PBXBuildFile; fileRef = B67814CB2BFCE2E200C927FF /* FMDatabase.m */; };
		B67814D12BFCE2E200C927FF /* FMDatabaseAdditions.m in Sources */ = {isa = PBXBuildFile; fileRef = B67814CC2BFCE2E200C927FF /* FMDatabaseAdditions.m */; };
		B67814D22BFCE2E200C927FF /* FMDatabasePool.m in Sources */ = {isa = PBXBuildFile; fileRef = B67814CD2BFCE2E200C927FF /* FMDatabasePool.m */; };
		CC3723D22BFE45E1005CAE46 /* Chapter.swift in Sources */ = {isa = PBXBuildFile; fileRef = CC3723D12BFE45E1005CAE46 /* Chapter.swift */; };
		CC391CB12BFE5D9D00A71DD0 /* PageReadMangeController.swift in Sources */ = {isa = PBXBuildFile; fileRef = CC391CB02BFE5D9D00A71DD0 /* PageReadMangeController.swift */; };
		CC66F5FA2BFCEC0A00985FA1 /* SplashAnimationViewController.swift in Sources */ = {isa = PBXBuildFile; fileRef = CC66F5F92BFCEC0A00985FA1 /* SplashAnimationViewController.swift */; };
		CC66F5FB2BFCF4BD00985FA1 /* Lottie.xcframework in Frameworks */ = {isa = PBXBuildFile; fileRef = CC66F5F52BFCEB5800985FA1 /* Lottie.xcframework */; };
		CC66F5FC2BFCF4BD00985FA1 /* Lottie.xcframework in Embed Frameworks */ = {isa = PBXBuildFile; fileRef = CC66F5F52BFCEB5800985FA1 /* Lottie.xcframework */; settings = {ATTRIBUTES = (CodeSignOnCopy, RemoveHeadersOnCopy, ); }; };
		CC66F6022BFCF8FB00985FA1 /* splash.json in Resources */ = {isa = PBXBuildFile; fileRef = CC66F6012BFCF8FB00985FA1 /* splash.json */; };
		CC6828C42BFDF78800AD70BE /* Alamofire in Frameworks */ = {isa = PBXBuildFile; productRef = CC6828C32BFDF78800AD70BE /* Alamofire */; };
		CC6828C62BFDF78800AD70BE /* AlamofireDynamic in Frameworks */ = {isa = PBXBuildFile; productRef = CC6828C52BFDF78800AD70BE /* AlamofireDynamic */; };
		CC6828C92BFDF9CA00AD70BE /* MangaAPI.swift in Sources */ = {isa = PBXBuildFile; fileRef = CC6828C82BFDF9CA00AD70BE /* MangaAPI.swift */; };
		CC6828CB2BFDF9EB00AD70BE /* MangaEndpoint.swift in Sources */ = {isa = PBXBuildFile; fileRef = CC6828CA2BFDF9EB00AD70BE /* MangaEndpoint.swift */; };
		CC6828D12BFDFB9D00AD70BE /* MangaPage.swift in Sources */ = {isa = PBXBuildFile; fileRef = CC6828D02BFDFB9D00AD70BE /* MangaPage.swift */; };
		CC6828D32BFE000100AD70BE /* ChapterResponse.swift in Sources */ = {isa = PBXBuildFile; fileRef = CC6828D22BFE000100AD70BE /* ChapterResponse.swift */; };
		CC6828D62BFE093E00AD70BE /* Kingfisher in Frameworks */ = {isa = PBXBuildFile; productRef = CC6828D52BFE093E00AD70BE /* Kingfisher */; };
		CC7665152BFE37C50060E1A7 /* DetailMangaViewController.swift in Sources */ = {isa = PBXBuildFile; fileRef = CC7665142BFE37C50060E1A7 /* DetailMangaViewController.swift */; };
		CC7665182BFE3C340060E1A7 /* MangaChapterCell.swift in Sources */ = {isa = PBXBuildFile; fileRef = CC7665172BFE3C340060E1A7 /* MangaChapterCell.swift */; };
		CCD929012C009D20006F550C /* MangaDetail.swift in Sources */ = {isa = PBXBuildFile; fileRef = CCD929002C009D20006F550C /* MangaDetail.swift */; };
		CCD929042C00A129006F550C /* SkeletonView in Frameworks */ = {isa = PBXBuildFile; productRef = CCD929032C00A129006F550C /* SkeletonView */; };
/* End PBXBuildFile section */

/* Begin PBXContainerItemProxy section */
		89BD6E092BFC585800BA1618 /* PBXContainerItemProxy */ = {
			isa = PBXContainerItemProxy;
			containerPortal = 89BD6DEA2BFC585500BA1618 /* Project object */;
			proxyType = 1;
			remoteGlobalIDString = 89BD6DF12BFC585500BA1618;
			remoteInfo = MangaComic;
		};
		89BD6E132BFC585800BA1618 /* PBXContainerItemProxy */ = {
			isa = PBXContainerItemProxy;
			containerPortal = 89BD6DEA2BFC585500BA1618 /* Project object */;
			proxyType = 1;
			remoteGlobalIDString = 89BD6DF12BFC585500BA1618;
			remoteInfo = MangaComic;
		};
/* End PBXContainerItemProxy section */

/* Begin PBXCopyFilesBuildPhase section */
		CC66F5FD2BFCF4BD00985FA1 /* Embed Frameworks */ = {
			isa = PBXCopyFilesBuildPhase;
			buildActionMask = 2147483647;
			dstPath = "";
			dstSubfolderSpec = 10;
			files = (
				CC66F5FC2BFCF4BD00985FA1 /* Lottie.xcframework in Embed Frameworks */,
			);
			name = "Embed Frameworks";
			runOnlyForDeploymentPostprocessing = 0;
		};
/* End PBXCopyFilesBuildPhase section */

/* Begin PBXFileReference section */
		89BD6DF22BFC585500BA1618 /* MangaComic.app */ = {isa = PBXFileReference; explicitFileType = wrapper.application; includeInIndex = 0; path = MangaComic.app; sourceTree = BUILT_PRODUCTS_DIR; };
		89BD6DF52BFC585500BA1618 /* AppDelegate.swift */ = {isa = PBXFileReference; lastKnownFileType = sourcecode.swift; path = AppDelegate.swift; sourceTree = "<group>"; };
		89BD6DF72BFC585500BA1618 /* SceneDelegate.swift */ = {isa = PBXFileReference; lastKnownFileType = sourcecode.swift; path = SceneDelegate.swift; sourceTree = "<group>"; };
		89BD6DF92BFC585500BA1618 /* ViewController.swift */ = {isa = PBXFileReference; lastKnownFileType = sourcecode.swift; path = ViewController.swift; sourceTree = "<group>"; };
		89BD6DFC2BFC585500BA1618 /* Base */ = {isa = PBXFileReference; lastKnownFileType = file.storyboard; name = Base; path = Base.lproj/Main.storyboard; sourceTree = "<group>"; };
		89BD6DFE2BFC585700BA1618 /* Assets.xcassets */ = {isa = PBXFileReference; lastKnownFileType = folder.assetcatalog; path = Assets.xcassets; sourceTree = "<group>"; };
		89BD6E012BFC585700BA1618 /* Base */ = {isa = PBXFileReference; lastKnownFileType = file.storyboard; name = Base; path = Base.lproj/LaunchScreen.storyboard; sourceTree = "<group>"; };
		89BD6E032BFC585700BA1618 /* Info.plist */ = {isa = PBXFileReference; lastKnownFileType = text.plist.xml; path = Info.plist; sourceTree = "<group>"; };
		89BD6E082BFC585800BA1618 /* MangaComicTests.xctest */ = {isa = PBXFileReference; explicitFileType = wrapper.cfbundle; includeInIndex = 0; path = MangaComicTests.xctest; sourceTree = BUILT_PRODUCTS_DIR; };
		89BD6E0C2BFC585800BA1618 /* MangaComicTests.swift */ = {isa = PBXFileReference; lastKnownFileType = sourcecode.swift; path = MangaComicTests.swift; sourceTree = "<group>"; };
		89BD6E122BFC585800BA1618 /* MangaComicUITests.xctest */ = {isa = PBXFileReference; explicitFileType = wrapper.cfbundle; includeInIndex = 0; path = MangaComicUITests.xctest; sourceTree = BUILT_PRODUCTS_DIR; };
		89BD6E162BFC585800BA1618 /* MangaComicUITests.swift */ = {isa = PBXFileReference; lastKnownFileType = sourcecode.swift; path = MangaComicUITests.swift; sourceTree = "<group>"; };
		89BD6E182BFC585800BA1618 /* MangaComicUITestsLaunchTests.swift */ = {isa = PBXFileReference; lastKnownFileType = sourcecode.swift; path = MangaComicUITestsLaunchTests.swift; sourceTree = "<group>"; };
		B67814C22BFCE2E100C927FF /* MangaComic-Bridging-Header.h */ = {isa = PBXFileReference; lastKnownFileType = sourcecode.c.h; path = "MangaComic-Bridging-Header.h"; sourceTree = "<group>"; };
		B67814C32BFCE2E200C927FF /* FMDatabaseAdditions.h */ = {isa = PBXFileReference; fileEncoding = 4; lastKnownFileType = sourcecode.c.h; name = FMDatabaseAdditions.h; path = MangaComic/FMDB/src/FMDatabaseAdditions.h; sourceTree = SOURCE_ROOT; };
		B67814C42BFCE2E200C927FF /* FMDatabase.h */ = {isa = PBXFileReference; fileEncoding = 4; lastKnownFileType = sourcecode.c.h; name = FMDatabase.h; path = MangaComic/FMDB/src/FMDatabase.h; sourceTree = SOURCE_ROOT; };
		B67814C52BFCE2E200C927FF /* FMDatabaseQueue.h */ = {isa = PBXFileReference; fileEncoding = 4; lastKnownFileType = sourcecode.c.h; name = FMDatabaseQueue.h; path = MangaComic/FMDB/src/FMDatabaseQueue.h; sourceTree = SOURCE_ROOT; };
		B67814C62BFCE2E200C927FF /* FMDatabaseQueue.m */ = {isa = PBXFileReference; fileEncoding = 4; lastKnownFileType = sourcecode.c.objc; name = FMDatabaseQueue.m; path = MangaComic/FMDB/src/FMDatabaseQueue.m; sourceTree = SOURCE_ROOT; };
		B67814C72BFCE2E200C927FF /* FMDatabasePool.h */ = {isa = PBXFileReference; fileEncoding = 4; lastKnownFileType = sourcecode.c.h; name = FMDatabasePool.h; path = MangaComic/FMDB/src/FMDatabasePool.h; sourceTree = SOURCE_ROOT; };
		B67814C82BFCE2E200C927FF /* FMResultSet.h */ = {isa = PBXFileReference; fileEncoding = 4; lastKnownFileType = sourcecode.c.h; name = FMResultSet.h; path = MangaComic/FMDB/src/FMResultSet.h; sourceTree = SOURCE_ROOT; };
		B67814C92BFCE2E200C927FF /* FMResultSet.m */ = {isa = PBXFileReference; fileEncoding = 4; lastKnownFileType = sourcecode.c.objc; name = FMResultSet.m; path = MangaComic/FMDB/src/FMResultSet.m; sourceTree = SOURCE_ROOT; };
		B67814CA2BFCE2E200C927FF /* FMDB.h */ = {isa = PBXFileReference; fileEncoding = 4; lastKnownFileType = sourcecode.c.h; name = FMDB.h; path = MangaComic/FMDB/src/FMDB.h; sourceTree = SOURCE_ROOT; };
		B67814CB2BFCE2E200C927FF /* FMDatabase.m */ = {isa = PBXFileReference; fileEncoding = 4; lastKnownFileType = sourcecode.c.objc; name = FMDatabase.m; path = MangaComic/FMDB/src/FMDatabase.m; sourceTree = SOURCE_ROOT; };
		B67814CC2BFCE2E200C927FF /* FMDatabaseAdditions.m */ = {isa = PBXFileReference; fileEncoding = 4; lastKnownFileType = sourcecode.c.objc; name = FMDatabaseAdditions.m; path = MangaComic/FMDB/src/FMDatabaseAdditions.m; sourceTree = SOURCE_ROOT; };
		B67814CD2BFCE2E200C927FF /* FMDatabasePool.m */ = {isa = PBXFileReference; fileEncoding = 4; lastKnownFileType = sourcecode.c.objc; name = FMDatabasePool.m; path = MangaComic/FMDB/src/FMDatabasePool.m; sourceTree = SOURCE_ROOT; };
		CC3723D12BFE45E1005CAE46 /* Chapter.swift */ = {isa = PBXFileReference; lastKnownFileType = sourcecode.swift; name = Chapter.swift; path = MangaComic/Chapter.swift; sourceTree = SOURCE_ROOT; };
		CC391CB02BFE5D9D00A71DD0 /* PageReadMangeController.swift */ = {isa = PBXFileReference; lastKnownFileType = sourcecode.swift; path = PageReadMangeController.swift; sourceTree = "<group>"; };
		CC66F5F52BFCEB5800985FA1 /* Lottie.xcframework */ = {isa = PBXFileReference; expectedSignature = "SelfSigned:892F1B43047B50538F2F46EAD92900DD3D4811F3582178C061A5FB20F111CB26"; lastKnownFileType = wrapper.xcframework; name = Lottie.xcframework; path = ../../../../Downloads/Lottie.xcframework; sourceTree = "<group>"; };
		CC66F5F92BFCEC0A00985FA1 /* SplashAnimationViewController.swift */ = {isa = PBXFileReference; lastKnownFileType = sourcecode.swift; path = SplashAnimationViewController.swift; sourceTree = "<group>"; };
		CC66F6012BFCF8FB00985FA1 /* splash.json */ = {isa = PBXFileReference; fileEncoding = 4; lastKnownFileType = text.json; path = splash.json; sourceTree = "<group>"; };
		CC6828C82BFDF9CA00AD70BE /* MangaAPI.swift */ = {isa = PBXFileReference; lastKnownFileType = sourcecode.swift; path = MangaAPI.swift; sourceTree = "<group>"; };
		CC6828CA2BFDF9EB00AD70BE /* MangaEndpoint.swift */ = {isa = PBXFileReference; lastKnownFileType = sourcecode.swift; path = MangaEndpoint.swift; sourceTree = "<group>"; };
		CC6828D02BFDFB9D00AD70BE /* MangaPage.swift */ = {isa = PBXFileReference; lastKnownFileType = sourcecode.swift; name = MangaPage.swift; path = MangaComic/Networking/MangaPage.swift; sourceTree = SOURCE_ROOT; };
		CC6828D22BFE000100AD70BE /* ChapterResponse.swift */ = {isa = PBXFileReference; lastKnownFileType = sourcecode.swift; name = ChapterResponse.swift; path = MangaComic/Networking/ChapterResponse.swift; sourceTree = SOURCE_ROOT; };
		CC7665142BFE37C50060E1A7 /* DetailMangaViewController.swift */ = {isa = PBXFileReference; lastKnownFileType = sourcecode.swift; path = DetailMangaViewController.swift; sourceTree = "<group>"; };
		CC7665172BFE3C340060E1A7 /* MangaChapterCell.swift */ = {isa = PBXFileReference; lastKnownFileType = sourcecode.swift; path = MangaChapterCell.swift; sourceTree = "<group>"; };
		CCD929002C009D20006F550C /* MangaDetail.swift */ = {isa = PBXFileReference; lastKnownFileType = sourcecode.swift; name = MangaDetail.swift; path = MangaComic/Controllers/MangaDetail.swift; sourceTree = SOURCE_ROOT; };
/* End PBXFileReference section */

/* Begin PBXFrameworksBuildPhase section */
		89BD6DEF2BFC585500BA1618 /* Frameworks */ = {
			isa = PBXFrameworksBuildPhase;
			buildActionMask = 2147483647;
			files = (
				CC6828D62BFE093E00AD70BE /* Kingfisher in Frameworks */,
				CC66F5FB2BFCF4BD00985FA1 /* Lottie.xcframework in Frameworks */,
				CC6828C62BFDF78800AD70BE /* AlamofireDynamic in Frameworks */,
				CC6828C42BFDF78800AD70BE /* Alamofire in Frameworks */,
				CCD929042C00A129006F550C /* SkeletonView in Frameworks */,
			);
			runOnlyForDeploymentPostprocessing = 0;
		};
		89BD6E052BFC585800BA1618 /* Frameworks */ = {
			isa = PBXFrameworksBuildPhase;
			buildActionMask = 2147483647;
			files = (
			);
			runOnlyForDeploymentPostprocessing = 0;
		};
		89BD6E0F2BFC585800BA1618 /* Frameworks */ = {
			isa = PBXFrameworksBuildPhase;
			buildActionMask = 2147483647;
			files = (
			);
			runOnlyForDeploymentPostprocessing = 0;
		};
/* End PBXFrameworksBuildPhase section */

/* Begin PBXGroup section */
		89BD6DE92BFC585500BA1618 = {
			isa = PBXGroup;
			children = (
				89BD6DF42BFC585500BA1618 /* MangaComic */,
				89BD6E0B2BFC585800BA1618 /* MangaComicTests */,
				89BD6E152BFC585800BA1618 /* MangaComicUITests */,
				89BD6DF32BFC585500BA1618 /* Products */,
				CC66F5F42BFCEB5800985FA1 /* Frameworks */,
			);
			sourceTree = "<group>";
		};
		89BD6DF32BFC585500BA1618 /* Products */ = {
			isa = PBXGroup;
			children = (
				89BD6DF22BFC585500BA1618 /* MangaComic.app */,
				89BD6E082BFC585800BA1618 /* MangaComicTests.xctest */,
				89BD6E122BFC585800BA1618 /* MangaComicUITests.xctest */,
			);
			name = Products;
			sourceTree = "<group>";
		};
		89BD6DF42BFC585500BA1618 /* MangaComic */ = {
			isa = PBXGroup;
			children = (
				CC7665162BFE3C120060E1A7 /* Controls */,
				CC6828C72BFDF99E00AD70BE /* Networking */,
				CC66F6012BFCF8FB00985FA1 /* splash.json */,
				B67814BF2BFCE27100C927FF /* FMDB */,
				B67814BE2BFCE26900C927FF /* Models */,
				B67814BD2BFCE25E00C927FF /* Controllers */,
				B67814BA2BFCE23C00C927FF /* Systems */,
				89BD6DFB2BFC585500BA1618 /* Main.storyboard */,
			);
			path = MangaComic;
			sourceTree = "<group>";
		};
		89BD6E0B2BFC585800BA1618 /* MangaComicTests */ = {
			isa = PBXGroup;
			children = (
				89BD6E0C2BFC585800BA1618 /* MangaComicTests.swift */,
			);
			path = MangaComicTests;
			sourceTree = "<group>";
		};
		89BD6E152BFC585800BA1618 /* MangaComicUITests */ = {
			isa = PBXGroup;
			children = (
				89BD6E162BFC585800BA1618 /* MangaComicUITests.swift */,
				89BD6E182BFC585800BA1618 /* MangaComicUITestsLaunchTests.swift */,
			);
			path = MangaComicUITests;
			sourceTree = "<group>";
		};
		B67814BA2BFCE23C00C927FF /* Systems */ = {
			isa = PBXGroup;
			children = (
				89BD6DFE2BFC585700BA1618 /* Assets.xcassets */,
				89BD6E002BFC585700BA1618 /* LaunchScreen.storyboard */,
				89BD6E032BFC585700BA1618 /* Info.plist */,
				89BD6DF52BFC585500BA1618 /* AppDelegate.swift */,
				89BD6DF72BFC585500BA1618 /* SceneDelegate.swift */,
			);
			name = Systems;
			sourceTree = "<group>";
		};
		B67814BD2BFCE25E00C927FF /* Controllers */ = {
			isa = PBXGroup;
			children = (
				89BD6DF92BFC585500BA1618 /* ViewController.swift */,
				CC66F5F92BFCEC0A00985FA1 /* SplashAnimationViewController.swift */,
				CC7665142BFE37C50060E1A7 /* DetailMangaViewController.swift */,
				CC391CB02BFE5D9D00A71DD0 /* PageReadMangeController.swift */,
			);
			path = Controllers;
			sourceTree = "<group>";
		};
		B67814BE2BFCE26900C927FF /* Models */ = {
			isa = PBXGroup;
			children = (
				CC6828D02BFDFB9D00AD70BE /* MangaPage.swift */,
				CC6828D22BFE000100AD70BE /* ChapterResponse.swift */,
				CC3723D12BFE45E1005CAE46 /* Chapter.swift */,
				CCD929002C009D20006F550C /* MangaDetail.swift */,
			);
			path = Models;
			sourceTree = "<group>";
		};
		B67814BF2BFCE27100C927FF /* FMDB */ = {
			isa = PBXGroup;
			children = (
				B67814D32BFCE2E600C927FF /* DAL */,
				B67814C12BFCE2C900C927FF /* fmdb framework */,
				B67814C02BFCE27A00C927FF /* src */,
			);
			path = FMDB;
			sourceTree = "<group>";
		};
		B67814C02BFCE27A00C927FF /* src */ = {
			isa = PBXGroup;
			children = (
			);
			path = src;
			sourceTree = "<group>";
		};
		B67814C12BFCE2C900C927FF /* fmdb framework */ = {
			isa = PBXGroup;
			children = (
				B67814C42BFCE2E200C927FF /* FMDatabase.h */,
				B67814CB2BFCE2E200C927FF /* FMDatabase.m */,
				B67814C32BFCE2E200C927FF /* FMDatabaseAdditions.h */,
				B67814CC2BFCE2E200C927FF /* FMDatabaseAdditions.m */,
				B67814C72BFCE2E200C927FF /* FMDatabasePool.h */,
				B67814CD2BFCE2E200C927FF /* FMDatabasePool.m */,
				B67814C52BFCE2E200C927FF /* FMDatabaseQueue.h */,
				B67814C62BFCE2E200C927FF /* FMDatabaseQueue.m */,
				B67814CA2BFCE2E200C927FF /* FMDB.h */,
				B67814C82BFCE2E200C927FF /* FMResultSet.h */,
				B67814C92BFCE2E200C927FF /* FMResultSet.m */,
				B67814C22BFCE2E100C927FF /* MangaComic-Bridging-Header.h */,
			);
			path = "fmdb framework";
			sourceTree = "<group>";
		};
		B67814D32BFCE2E600C927FF /* DAL */ = {
			isa = PBXGroup;
			children = (
			);
			path = DAL;
			sourceTree = "<group>";
		};
		CC66F5F42BFCEB5800985FA1 /* Frameworks */ = {
			isa = PBXGroup;
			children = (
				CC66F5F52BFCEB5800985FA1 /* Lottie.xcframework */,
			);
			name = Frameworks;
			sourceTree = "<group>";
		};
		CC6828C72BFDF99E00AD70BE /* Networking */ = {
			isa = PBXGroup;
			children = (
				CC6828C82BFDF9CA00AD70BE /* MangaAPI.swift */,
				CC6828CA2BFDF9EB00AD70BE /* MangaEndpoint.swift */,
			);
			path = Networking;
			sourceTree = "<group>";
		};
		CC7665162BFE3C120060E1A7 /* Controls */ = {
			isa = PBXGroup;
			children = (
				CC7665172BFE3C340060E1A7 /* MangaChapterCell.swift */,
			);
			path = Controls;
			sourceTree = "<group>";
		};
/* End PBXGroup section */

/* Begin PBXNativeTarget section */
		89BD6DF12BFC585500BA1618 /* MangaComic */ = {
			isa = PBXNativeTarget;
			buildConfigurationList = 89BD6E1C2BFC585800BA1618 /* Build configuration list for PBXNativeTarget "MangaComic" */;
			buildPhases = (
				89BD6DEE2BFC585500BA1618 /* Sources */,
				89BD6DEF2BFC585500BA1618 /* Frameworks */,
				89BD6DF02BFC585500BA1618 /* Resources */,
				CC66F5FD2BFCF4BD00985FA1 /* Embed Frameworks */,
			);
			buildRules = (
			);
			dependencies = (
			);
			name = MangaComic;
			packageProductDependencies = (
				CC6828C32BFDF78800AD70BE /* Alamofire */,
				CC6828C52BFDF78800AD70BE /* AlamofireDynamic */,
				CC6828D52BFE093E00AD70BE /* Kingfisher */,
				CCD929032C00A129006F550C /* SkeletonView */,
			);
			productName = MangaComic;
			productReference = 89BD6DF22BFC585500BA1618 /* MangaComic.app */;
			productType = "com.apple.product-type.application";
		};
		89BD6E072BFC585800BA1618 /* MangaComicTests */ = {
			isa = PBXNativeTarget;
			buildConfigurationList = 89BD6E1F2BFC585800BA1618 /* Build configuration list for PBXNativeTarget "MangaComicTests" */;
			buildPhases = (
				89BD6E042BFC585800BA1618 /* Sources */,
				89BD6E052BFC585800BA1618 /* Frameworks */,
				89BD6E062BFC585800BA1618 /* Resources */,
			);
			buildRules = (
			);
			dependencies = (
				89BD6E0A2BFC585800BA1618 /* PBXTargetDependency */,
			);
			name = MangaComicTests;
			productName = MangaComicTests;
			productReference = 89BD6E082BFC585800BA1618 /* MangaComicTests.xctest */;
			productType = "com.apple.product-type.bundle.unit-test";
		};
		89BD6E112BFC585800BA1618 /* MangaComicUITests */ = {
			isa = PBXNativeTarget;
			buildConfigurationList = 89BD6E222BFC585800BA1618 /* Build configuration list for PBXNativeTarget "MangaComicUITests" */;
			buildPhases = (
				89BD6E0E2BFC585800BA1618 /* Sources */,
				89BD6E0F2BFC585800BA1618 /* Frameworks */,
				89BD6E102BFC585800BA1618 /* Resources */,
			);
			buildRules = (
			);
			dependencies = (
				89BD6E142BFC585800BA1618 /* PBXTargetDependency */,
			);
			name = MangaComicUITests;
			productName = MangaComicUITests;
			productReference = 89BD6E122BFC585800BA1618 /* MangaComicUITests.xctest */;
			productType = "com.apple.product-type.bundle.ui-testing";
		};
/* End PBXNativeTarget section */

/* Begin PBXProject section */
		89BD6DEA2BFC585500BA1618 /* Project object */ = {
			isa = PBXProject;
			attributes = {
				BuildIndependentTargetsInParallel = 1;
				LastSwiftUpdateCheck = 1530;
				LastUpgradeCheck = 1530;
				TargetAttributes = {
					89BD6DF12BFC585500BA1618 = {
						CreatedOnToolsVersion = 15.3;
						LastSwiftMigration = 1530;
					};
					89BD6E072BFC585800BA1618 = {
						CreatedOnToolsVersion = 15.3;
						TestTargetID = 89BD6DF12BFC585500BA1618;
					};
					89BD6E112BFC585800BA1618 = {
						CreatedOnToolsVersion = 15.3;
						TestTargetID = 89BD6DF12BFC585500BA1618;
					};
				};
			};
			buildConfigurationList = 89BD6DED2BFC585500BA1618 /* Build configuration list for PBXProject "MangaComic" */;
			compatibilityVersion = "Xcode 14.0";
			developmentRegion = en;
			hasScannedForEncodings = 0;
			knownRegions = (
				en,
				Base,
			);
			mainGroup = 89BD6DE92BFC585500BA1618;
			packageReferences = (
				CC6828C22BFDF44500AD70BE /* XCRemoteSwiftPackageReference "Alamofire" */,
				CC6828D42BFE090100AD70BE /* XCRemoteSwiftPackageReference "Kingfisher" */,
				CCD929022C00A129006F550C /* XCRemoteSwiftPackageReference "SkeletonView" */,
				CC6A51442C01847C00161D0F /* XCRemoteSwiftPackageReference "Monitor" */,
			);
			productRefGroup = 89BD6DF32BFC585500BA1618 /* Products */;
			projectDirPath = "";
			projectRoot = "";
			targets = (
				89BD6DF12BFC585500BA1618 /* MangaComic */,
				89BD6E072BFC585800BA1618 /* MangaComicTests */,
				89BD6E112BFC585800BA1618 /* MangaComicUITests */,
			);
		};
/* End PBXProject section */

/* Begin PBXResourcesBuildPhase section */
		89BD6DF02BFC585500BA1618 /* Resources */ = {
			isa = PBXResourcesBuildPhase;
			buildActionMask = 2147483647;
			files = (
				89BD6DFF2BFC585700BA1618 /* Assets.xcassets in Resources */,
				89BD6E022BFC585700BA1618 /* Base in Resources */,
				CC66F6022BFCF8FB00985FA1 /* splash.json in Resources */,
				89BD6DFD2BFC585500BA1618 /* Base in Resources */,
			);
			runOnlyForDeploymentPostprocessing = 0;
		};
		89BD6E062BFC585800BA1618 /* Resources */ = {
			isa = PBXResourcesBuildPhase;
			buildActionMask = 2147483647;
			files = (
			);
			runOnlyForDeploymentPostprocessing = 0;
		};
		89BD6E102BFC585800BA1618 /* Resources */ = {
			isa = PBXResourcesBuildPhase;
			buildActionMask = 2147483647;
			files = (
			);
			runOnlyForDeploymentPostprocessing = 0;
		};
/* End PBXResourcesBuildPhase section */

/* Begin PBXSourcesBuildPhase section */
		89BD6DEE2BFC585500BA1618 /* Sources */ = {
			isa = PBXSourcesBuildPhase;
			buildActionMask = 2147483647;
			files = (
				CC391CB12BFE5D9D00A71DD0 /* PageReadMangeController.swift in Sources */,
				CC3723D22BFE45E1005CAE46 /* Chapter.swift in Sources */,
				89BD6DFA2BFC585500BA1618 /* ViewController.swift in Sources */,
				CC7665152BFE37C50060E1A7 /* DetailMangaViewController.swift in Sources */,
				B67814CE2BFCE2E200C927FF /* FMDatabaseQueue.m in Sources */,
				CC6828D32BFE000100AD70BE /* ChapterResponse.swift in Sources */,
				CCD929012C009D20006F550C /* MangaDetail.swift in Sources */,
				CC6828D12BFDFB9D00AD70BE /* MangaPage.swift in Sources */,
				89BD6DF62BFC585500BA1618 /* AppDelegate.swift in Sources */,
				B67814D02BFCE2E200C927FF /* FMDatabase.m in Sources */,
				89BD6DF82BFC585500BA1618 /* SceneDelegate.swift in Sources */,
				B67814D22BFCE2E200C927FF /* FMDatabasePool.m in Sources */,
				CC6828C92BFDF9CA00AD70BE /* MangaAPI.swift in Sources */,
				CC66F5FA2BFCEC0A00985FA1 /* SplashAnimationViewController.swift in Sources */,
				CC7665182BFE3C340060E1A7 /* MangaChapterCell.swift in Sources */,
				B67814D12BFCE2E200C927FF /* FMDatabaseAdditions.m in Sources */,
				B67814CF2BFCE2E200C927FF /* FMResultSet.m in Sources */,
				CC6828CB2BFDF9EB00AD70BE /* MangaEndpoint.swift in Sources */,
			);
			runOnlyForDeploymentPostprocessing = 0;
		};
		89BD6E042BFC585800BA1618 /* Sources */ = {
			isa = PBXSourcesBuildPhase;
			buildActionMask = 2147483647;
			files = (
				89BD6E0D2BFC585800BA1618 /* MangaComicTests.swift in Sources */,
			);
			runOnlyForDeploymentPostprocessing = 0;
		};
		89BD6E0E2BFC585800BA1618 /* Sources */ = {
			isa = PBXSourcesBuildPhase;
			buildActionMask = 2147483647;
			files = (
				89BD6E172BFC585800BA1618 /* MangaComicUITests.swift in Sources */,
				89BD6E192BFC585800BA1618 /* MangaComicUITestsLaunchTests.swift in Sources */,
			);
			runOnlyForDeploymentPostprocessing = 0;
		};
/* End PBXSourcesBuildPhase section */

/* Begin PBXTargetDependency section */
		89BD6E0A2BFC585800BA1618 /* PBXTargetDependency */ = {
			isa = PBXTargetDependency;
			target = 89BD6DF12BFC585500BA1618 /* MangaComic */;
			targetProxy = 89BD6E092BFC585800BA1618 /* PBXContainerItemProxy */;
		};
		89BD6E142BFC585800BA1618 /* PBXTargetDependency */ = {
			isa = PBXTargetDependency;
			target = 89BD6DF12BFC585500BA1618 /* MangaComic */;
			targetProxy = 89BD6E132BFC585800BA1618 /* PBXContainerItemProxy */;
		};
/* End PBXTargetDependency section */

/* Begin PBXVariantGroup section */
		89BD6DFB2BFC585500BA1618 /* Main.storyboard */ = {
			isa = PBXVariantGroup;
			children = (
				89BD6DFC2BFC585500BA1618 /* Base */,
			);
			name = Main.storyboard;
			sourceTree = "<group>";
		};
		89BD6E002BFC585700BA1618 /* LaunchScreen.storyboard */ = {
			isa = PBXVariantGroup;
			children = (
				89BD6E012BFC585700BA1618 /* Base */,
			);
			name = LaunchScreen.storyboard;
			sourceTree = "<group>";
		};
/* End PBXVariantGroup section */

/* Begin XCBuildConfiguration section */
		89BD6E1A2BFC585800BA1618 /* Debug */ = {
			isa = XCBuildConfiguration;
			buildSettings = {
				ALWAYS_SEARCH_USER_PATHS = NO;
				ASSETCATALOG_COMPILER_GENERATE_SWIFT_ASSET_SYMBOL_EXTENSIONS = YES;
				CLANG_ANALYZER_NONNULL = YES;
				CLANG_ANALYZER_NUMBER_OBJECT_CONVERSION = YES_AGGRESSIVE;
				CLANG_CXX_LANGUAGE_STANDARD = "gnu++20";
				CLANG_ENABLE_MODULES = YES;
				CLANG_ENABLE_OBJC_ARC = YES;
				CLANG_ENABLE_OBJC_WEAK = YES;
				CLANG_WARN_BLOCK_CAPTURE_AUTORELEASING = YES;
				CLANG_WARN_BOOL_CONVERSION = YES;
				CLANG_WARN_COMMA = YES;
				CLANG_WARN_CONSTANT_CONVERSION = YES;
				CLANG_WARN_DEPRECATED_OBJC_IMPLEMENTATIONS = YES;
				CLANG_WARN_DIRECT_OBJC_ISA_USAGE = YES_ERROR;
				CLANG_WARN_DOCUMENTATION_COMMENTS = YES;
				CLANG_WARN_EMPTY_BODY = YES;
				CLANG_WARN_ENUM_CONVERSION = YES;
				CLANG_WARN_INFINITE_RECURSION = YES;
				CLANG_WARN_INT_CONVERSION = YES;
				CLANG_WARN_NON_LITERAL_NULL_CONVERSION = YES;
				CLANG_WARN_OBJC_IMPLICIT_RETAIN_SELF = YES;
				CLANG_WARN_OBJC_LITERAL_CONVERSION = YES;
				CLANG_WARN_OBJC_ROOT_CLASS = YES_ERROR;
				CLANG_WARN_QUOTED_INCLUDE_IN_FRAMEWORK_HEADER = YES;
				CLANG_WARN_RANGE_LOOP_ANALYSIS = YES;
				CLANG_WARN_STRICT_PROTOTYPES = YES;
				CLANG_WARN_SUSPICIOUS_MOVE = YES;
				CLANG_WARN_UNGUARDED_AVAILABILITY = YES_AGGRESSIVE;
				CLANG_WARN_UNREACHABLE_CODE = YES;
				CLANG_WARN__DUPLICATE_METHOD_MATCH = YES;
				COPY_PHASE_STRIP = NO;
				DEBUG_INFORMATION_FORMAT = dwarf;
				ENABLE_STRICT_OBJC_MSGSEND = YES;
				ENABLE_TESTABILITY = YES;
				ENABLE_USER_SCRIPT_SANDBOXING = YES;
				GCC_C_LANGUAGE_STANDARD = gnu17;
				GCC_DYNAMIC_NO_PIC = NO;
				GCC_NO_COMMON_BLOCKS = YES;
				GCC_OPTIMIZATION_LEVEL = 0;
				GCC_PREPROCESSOR_DEFINITIONS = (
					"DEBUG=1",
					"$(inherited)",
				);
				GCC_WARN_64_TO_32_BIT_CONVERSION = YES;
				GCC_WARN_ABOUT_RETURN_TYPE = YES_ERROR;
				GCC_WARN_UNDECLARED_SELECTOR = YES;
				GCC_WARN_UNINITIALIZED_AUTOS = YES_AGGRESSIVE;
				GCC_WARN_UNUSED_FUNCTION = YES;
				GCC_WARN_UNUSED_VARIABLE = YES;
				IPHONEOS_DEPLOYMENT_TARGET = 17.4;
				LOCALIZATION_PREFERS_STRING_CATALOGS = YES;
				MTL_ENABLE_DEBUG_INFO = INCLUDE_SOURCE;
				MTL_FAST_MATH = YES;
				ONLY_ACTIVE_ARCH = YES;
				SDKROOT = iphoneos;
				SWIFT_ACTIVE_COMPILATION_CONDITIONS = "DEBUG $(inherited)";
				SWIFT_OPTIMIZATION_LEVEL = "-Onone";
			};
			name = Debug;
		};
		89BD6E1B2BFC585800BA1618 /* Release */ = {
			isa = XCBuildConfiguration;
			buildSettings = {
				ALWAYS_SEARCH_USER_PATHS = NO;
				ASSETCATALOG_COMPILER_GENERATE_SWIFT_ASSET_SYMBOL_EXTENSIONS = YES;
				CLANG_ANALYZER_NONNULL = YES;
				CLANG_ANALYZER_NUMBER_OBJECT_CONVERSION = YES_AGGRESSIVE;
				CLANG_CXX_LANGUAGE_STANDARD = "gnu++20";
				CLANG_ENABLE_MODULES = YES;
				CLANG_ENABLE_OBJC_ARC = YES;
				CLANG_ENABLE_OBJC_WEAK = YES;
				CLANG_WARN_BLOCK_CAPTURE_AUTORELEASING = YES;
				CLANG_WARN_BOOL_CONVERSION = YES;
				CLANG_WARN_COMMA = YES;
				CLANG_WARN_CONSTANT_CONVERSION = YES;
				CLANG_WARN_DEPRECATED_OBJC_IMPLEMENTATIONS = YES;
				CLANG_WARN_DIRECT_OBJC_ISA_USAGE = YES_ERROR;
				CLANG_WARN_DOCUMENTATION_COMMENTS = YES;
				CLANG_WARN_EMPTY_BODY = YES;
				CLANG_WARN_ENUM_CONVERSION = YES;
				CLANG_WARN_INFINITE_RECURSION = YES;
				CLANG_WARN_INT_CONVERSION = YES;
				CLANG_WARN_NON_LITERAL_NULL_CONVERSION = YES;
				CLANG_WARN_OBJC_IMPLICIT_RETAIN_SELF = YES;
				CLANG_WARN_OBJC_LITERAL_CONVERSION = YES;
				CLANG_WARN_OBJC_ROOT_CLASS = YES_ERROR;
				CLANG_WARN_QUOTED_INCLUDE_IN_FRAMEWORK_HEADER = YES;
				CLANG_WARN_RANGE_LOOP_ANALYSIS = YES;
				CLANG_WARN_STRICT_PROTOTYPES = YES;
				CLANG_WARN_SUSPICIOUS_MOVE = YES;
				CLANG_WARN_UNGUARDED_AVAILABILITY = YES_AGGRESSIVE;
				CLANG_WARN_UNREACHABLE_CODE = YES;
				CLANG_WARN__DUPLICATE_METHOD_MATCH = YES;
				COPY_PHASE_STRIP = NO;
				DEBUG_INFORMATION_FORMAT = "dwarf-with-dsym";
				ENABLE_NS_ASSERTIONS = NO;
				ENABLE_STRICT_OBJC_MSGSEND = YES;
				ENABLE_USER_SCRIPT_SANDBOXING = YES;
				GCC_C_LANGUAGE_STANDARD = gnu17;
				GCC_NO_COMMON_BLOCKS = YES;
				GCC_WARN_64_TO_32_BIT_CONVERSION = YES;
				GCC_WARN_ABOUT_RETURN_TYPE = YES_ERROR;
				GCC_WARN_UNDECLARED_SELECTOR = YES;
				GCC_WARN_UNINITIALIZED_AUTOS = YES_AGGRESSIVE;
				GCC_WARN_UNUSED_FUNCTION = YES;
				GCC_WARN_UNUSED_VARIABLE = YES;
				IPHONEOS_DEPLOYMENT_TARGET = 17.4;
				LOCALIZATION_PREFERS_STRING_CATALOGS = YES;
				MTL_ENABLE_DEBUG_INFO = NO;
				MTL_FAST_MATH = YES;
				SDKROOT = iphoneos;
				SWIFT_COMPILATION_MODE = wholemodule;
				VALIDATE_PRODUCT = YES;
			};
			name = Release;
		};
		89BD6E1D2BFC585800BA1618 /* Debug */ = {
			isa = XCBuildConfiguration;
			buildSettings = {
				ASSETCATALOG_COMPILER_APPICON_NAME = AppIcon;
				ASSETCATALOG_COMPILER_GLOBAL_ACCENT_COLOR_NAME = AccentColor;
				CLANG_ENABLE_MODULES = YES;
				CODE_SIGN_STYLE = Automatic;
				CURRENT_PROJECT_VERSION = 1;
				GENERATE_INFOPLIST_FILE = YES;
				INFOPLIST_FILE = MangaComic/Info.plist;
				INFOPLIST_KEY_UIApplicationSupportsIndirectInputEvents = YES;
				INFOPLIST_KEY_UILaunchStoryboardName = LaunchScreen;
				INFOPLIST_KEY_UIMainStoryboardFile = Main;
				INFOPLIST_KEY_UISupportedInterfaceOrientations_iPad = "UIInterfaceOrientationPortrait UIInterfaceOrientationPortraitUpsideDown UIInterfaceOrientationLandscapeLeft UIInterfaceOrientationLandscapeRight";
				INFOPLIST_KEY_UISupportedInterfaceOrientations_iPhone = "UIInterfaceOrientationPortrait UIInterfaceOrientationLandscapeLeft UIInterfaceOrientationLandscapeRight";
				IPHONEOS_DEPLOYMENT_TARGET = 15.1;
				LD_RUNPATH_SEARCH_PATHS = (
					"$(inherited)",
					"@executable_path/Frameworks",
				);
				MARKETING_VERSION = 1.0;
				PRODUCT_BUNDLE_IDENTIFIER = manga.comic.MangaComic;
				PRODUCT_NAME = "$(TARGET_NAME)";
				SWIFT_EMIT_LOC_STRINGS = YES;
				SWIFT_OBJC_BRIDGING_HEADER = "MangaComic/FMDB/fmdb framework/MangaComic-Bridging-Header.h";
				SWIFT_OPTIMIZATION_LEVEL = "-Onone";
				SWIFT_VERSION = 5.0;
				TARGETED_DEVICE_FAMILY = "1,2";
			};
			name = Debug;
		};
		89BD6E1E2BFC585800BA1618 /* Release */ = {
			isa = XCBuildConfiguration;
			buildSettings = {
				ASSETCATALOG_COMPILER_APPICON_NAME = AppIcon;
				ASSETCATALOG_COMPILER_GLOBAL_ACCENT_COLOR_NAME = AccentColor;
				CLANG_ENABLE_MODULES = YES;
				CODE_SIGN_STYLE = Automatic;
				CURRENT_PROJECT_VERSION = 1;
				GENERATE_INFOPLIST_FILE = YES;
				INFOPLIST_FILE = MangaComic/Info.plist;
				INFOPLIST_KEY_UIApplicationSupportsIndirectInputEvents = YES;
				INFOPLIST_KEY_UILaunchStoryboardName = LaunchScreen;
				INFOPLIST_KEY_UIMainStoryboardFile = Main;
				INFOPLIST_KEY_UISupportedInterfaceOrientations_iPad = "UIInterfaceOrientationPortrait UIInterfaceOrientationPortraitUpsideDown UIInterfaceOrientationLandscapeLeft UIInterfaceOrientationLandscapeRight";
				INFOPLIST_KEY_UISupportedInterfaceOrientations_iPhone = "UIInterfaceOrientationPortrait UIInterfaceOrientationLandscapeLeft UIInterfaceOrientationLandscapeRight";
				IPHONEOS_DEPLOYMENT_TARGET = 15.1;
				LD_RUNPATH_SEARCH_PATHS = (
					"$(inherited)",
					"@executable_path/Frameworks",
				);
				MARKETING_VERSION = 1.0;
				PRODUCT_BUNDLE_IDENTIFIER = manga.comic.MangaComic;
				PRODUCT_NAME = "$(TARGET_NAME)";
				SWIFT_EMIT_LOC_STRINGS = YES;
				SWIFT_OBJC_BRIDGING_HEADER = "MangaComic/FMDB/fmdb framework/MangaComic-Bridging-Header.h";
				SWIFT_VERSION = 5.0;
				TARGETED_DEVICE_FAMILY = "1,2";
			};
			name = Release;
		};
		89BD6E202BFC585800BA1618 /* Debug */ = {
			isa = XCBuildConfiguration;
			buildSettings = {
				ALWAYS_EMBED_SWIFT_STANDARD_LIBRARIES = YES;
				BUNDLE_LOADER = "$(TEST_HOST)";
				CODE_SIGN_STYLE = Automatic;
				CURRENT_PROJECT_VERSION = 1;
				GENERATE_INFOPLIST_FILE = YES;
				IPHONEOS_DEPLOYMENT_TARGET = 17.4;
				MARKETING_VERSION = 1.0;
				PRODUCT_BUNDLE_IDENTIFIER = manga.comic.MangaComicTests;
				PRODUCT_NAME = "$(TARGET_NAME)";
				SWIFT_EMIT_LOC_STRINGS = NO;
				SWIFT_VERSION = 5.0;
				TARGETED_DEVICE_FAMILY = "1,2";
				TEST_HOST = "$(BUILT_PRODUCTS_DIR)/MangaComic.app/$(BUNDLE_EXECUTABLE_FOLDER_PATH)/MangaComic";
			};
			name = Debug;
		};
		89BD6E212BFC585800BA1618 /* Release */ = {
			isa = XCBuildConfiguration;
			buildSettings = {
				ALWAYS_EMBED_SWIFT_STANDARD_LIBRARIES = YES;
				BUNDLE_LOADER = "$(TEST_HOST)";
				CODE_SIGN_STYLE = Automatic;
				CURRENT_PROJECT_VERSION = 1;
				GENERATE_INFOPLIST_FILE = YES;
				IPHONEOS_DEPLOYMENT_TARGET = 17.4;
				MARKETING_VERSION = 1.0;
				PRODUCT_BUNDLE_IDENTIFIER = manga.comic.MangaComicTests;
				PRODUCT_NAME = "$(TARGET_NAME)";
				SWIFT_EMIT_LOC_STRINGS = NO;
				SWIFT_VERSION = 5.0;
				TARGETED_DEVICE_FAMILY = "1,2";
				TEST_HOST = "$(BUILT_PRODUCTS_DIR)/MangaComic.app/$(BUNDLE_EXECUTABLE_FOLDER_PATH)/MangaComic";
			};
			name = Release;
		};
		89BD6E232BFC585800BA1618 /* Debug */ = {
			isa = XCBuildConfiguration;
			buildSettings = {
				ALWAYS_EMBED_SWIFT_STANDARD_LIBRARIES = YES;
				CODE_SIGN_STYLE = Automatic;
				CURRENT_PROJECT_VERSION = 1;
				GENERATE_INFOPLIST_FILE = YES;
				MARKETING_VERSION = 1.0;
				PRODUCT_BUNDLE_IDENTIFIER = manga.comic.MangaComicUITests;
				PRODUCT_NAME = "$(TARGET_NAME)";
				SWIFT_EMIT_LOC_STRINGS = NO;
				SWIFT_VERSION = 5.0;
				TARGETED_DEVICE_FAMILY = "1,2";
				TEST_TARGET_NAME = MangaComic;
			};
			name = Debug;
		};
		89BD6E242BFC585800BA1618 /* Release */ = {
			isa = XCBuildConfiguration;
			buildSettings = {
				ALWAYS_EMBED_SWIFT_STANDARD_LIBRARIES = YES;
				CODE_SIGN_STYLE = Automatic;
				CURRENT_PROJECT_VERSION = 1;
				GENERATE_INFOPLIST_FILE = YES;
				MARKETING_VERSION = 1.0;
				PRODUCT_BUNDLE_IDENTIFIER = manga.comic.MangaComicUITests;
				PRODUCT_NAME = "$(TARGET_NAME)";
				SWIFT_EMIT_LOC_STRINGS = NO;
				SWIFT_VERSION = 5.0;
				TARGETED_DEVICE_FAMILY = "1,2";
				TEST_TARGET_NAME = MangaComic;
			};
			name = Release;
		};
/* End XCBuildConfiguration section */

/* Begin XCConfigurationList section */
		89BD6DED2BFC585500BA1618 /* Build configuration list for PBXProject "MangaComic" */ = {
			isa = XCConfigurationList;
			buildConfigurations = (
				89BD6E1A2BFC585800BA1618 /* Debug */,
				89BD6E1B2BFC585800BA1618 /* Release */,
			);
			defaultConfigurationIsVisible = 0;
			defaultConfigurationName = Release;
		};
		89BD6E1C2BFC585800BA1618 /* Build configuration list for PBXNativeTarget "MangaComic" */ = {
			isa = XCConfigurationList;
			buildConfigurations = (
				89BD6E1D2BFC585800BA1618 /* Debug */,
				89BD6E1E2BFC585800BA1618 /* Release */,
			);
			defaultConfigurationIsVisible = 0;
			defaultConfigurationName = Release;
		};
		89BD6E1F2BFC585800BA1618 /* Build configuration list for PBXNativeTarget "MangaComicTests" */ = {
			isa = XCConfigurationList;
			buildConfigurations = (
				89BD6E202BFC585800BA1618 /* Debug */,
				89BD6E212BFC585800BA1618 /* Release */,
			);
			defaultConfigurationIsVisible = 0;
			defaultConfigurationName = Release;
		};
		89BD6E222BFC585800BA1618 /* Build configuration list for PBXNativeTarget "MangaComicUITests" */ = {
			isa = XCConfigurationList;
			buildConfigurations = (
				89BD6E232BFC585800BA1618 /* Debug */,
				89BD6E242BFC585800BA1618 /* Release */,
			);
			defaultConfigurationIsVisible = 0;
			defaultConfigurationName = Release;
		};
/* End XCConfigurationList section */

/* Begin XCRemoteSwiftPackageReference section */
		CC6828C22BFDF44500AD70BE /* XCRemoteSwiftPackageReference "Alamofire" */ = {
			isa = XCRemoteSwiftPackageReference;
			repositoryURL = "https://github.com/Alamofire/Alamofire.git";
			requirement = {
				kind = upToNextMajorVersion;
				minimumVersion = 5.9.1;
			};
		};
		CC6828D42BFE090100AD70BE /* XCRemoteSwiftPackageReference "Kingfisher" */ = {
			isa = XCRemoteSwiftPackageReference;
			repositoryURL = "https://github.com/onevcat/Kingfisher";
			requirement = {
				kind = upToNextMajorVersion;
				minimumVersion = 7.11.0;
			};
		};
		CC6A51442C01847C00161D0F /* XCRemoteSwiftPackageReference "Monitor" */ = {
			isa = XCRemoteSwiftPackageReference;
			repositoryURL = "https://github.com/BilalReffas/Monitor";
			requirement = {
				branch = master;
				kind = branch;
			};
		};
		CCD929022C00A129006F550C /* XCRemoteSwiftPackageReference "SkeletonView" */ = {
			isa = XCRemoteSwiftPackageReference;
			repositoryURL = "https://github.com/Juanpe/SkeletonView.git";
			requirement = {
				kind = upToNextMajorVersion;
				minimumVersion = 1.31.0;
			};
		};
/* End XCRemoteSwiftPackageReference section */

/* Begin XCSwiftPackageProductDependency section */
		CC6828C32BFDF78800AD70BE /* Alamofire */ = {
			isa = XCSwiftPackageProductDependency;
			package = CC6828C22BFDF44500AD70BE /* XCRemoteSwiftPackageReference "Alamofire" */;
			productName = Alamofire;
		};
		CC6828C52BFDF78800AD70BE /* AlamofireDynamic */ = {
			isa = XCSwiftPackageProductDependency;
			package = CC6828C22BFDF44500AD70BE /* XCRemoteSwiftPackageReference "Alamofire" */;
			productName = AlamofireDynamic;
		};
		CC6828D52BFE093E00AD70BE /* Kingfisher */ = {
			isa = XCSwiftPackageProductDependency;
			package = CC6828D42BFE090100AD70BE /* XCRemoteSwiftPackageReference "Kingfisher" */;
			productName = Kingfisher;
		};
		CCD929032C00A129006F550C /* SkeletonView */ = {
			isa = XCSwiftPackageProductDependency;
			package = CCD929022C00A129006F550C /* XCRemoteSwiftPackageReference "SkeletonView" */;
			productName = SkeletonView;
		};
/* End XCSwiftPackageProductDependency section */
	};
	rootObject = 89BD6DEA2BFC585500BA1618 /* Project object */;
}
