// !$*UTF8*$!
{
	archiveVersion = 1;
	classes = {
	};
	objectVersion = 56;
	objects = {

/* Begin PBXBuildFile section */
		89BD6DF62BFC585500BA1618 /* AppDelegate.swift in Sources */ = {isa = PBXBuildFile; fileRef = 89BD6DF52BFC585500BA1618 /* AppDelegate.swift */; };
		89BD6DF82BFC585500BA1618 /* SceneDelegate.swift in Sources */ = {isa = PBXBuildFile; fileRef = 89BD6DF72BFC585500BA1618 /* SceneDelegate.swift */; };
		89BD6DFA2BFC585500BA1618 /* SearchController.swift in Sources */ = {isa = PBXBuildFile; fileRef = 89BD6DF92BFC585500BA1618 /* SearchController.swift */; };
		89BD6DFD2BFC585500BA1618 /* Base in Resources */ = {isa = PBXBuildFile; fileRef = 89BD6DFC2BFC585500BA1618 /* Base */; };
		89BD6DFF2BFC585700BA1618 /* Assets.xcassets in Resources */ = {isa = PBXBuildFile; fileRef = 89BD6DFE2BFC585700BA1618 /* Assets.xcassets */; };
		89BD6E022BFC585700BA1618 /* Base in Resources */ = {isa = PBXBuildFile; fileRef = 89BD6E012BFC585700BA1618 /* Base */; };
		89BD6E0D2BFC585800BA1618 /* MangaComicTests.swift in Sources */ = {isa = PBXBuildFile; fileRef = 89BD6E0C2BFC585800BA1618 /* MangaComicTests.swift */; };
		89BD6E172BFC585800BA1618 /* MangaComicUITests.swift in Sources */ = {isa = PBXBuildFile; fileRef = 89BD6E162BFC585800BA1618 /* MangaComicUITests.swift */; };
		89BD6E192BFC585800BA1618 /* MangaComicUITestsLaunchTests.swift in Sources */ = {isa = PBXBuildFile; fileRef = 89BD6E182BFC585800BA1618 /* MangaComicUITestsLaunchTests.swift */; };
		B67814CE2BFCE2E200C927FF /* FMDatabaseQueue.m in Sources */ = {isa = PBXBuildFile; fileRef = B67814C62BFCE2E200C927FF /* FMDatabaseQueue.m */; };
		B67814CF2BFCE2E200C927FF /* FMResultSet.m in Sources */ = {isa = PBXBuildFile; fileRef = B67814C92BFCE2E200C927FF /* FMResultSet.m */; };
		B67814D02BFCE2E200C927FF /* FMDatabase.m in Sources */ = {isa = PBXBuildFile; fileRef = B67814CB2BFCE2E200C927FF /* FMDatabase.m */; };
		B67814D12BFCE2E200C927FF /* FMDatabaseAdditions.m in Sources */ = {isa = PBXBuildFile; fileRef = B67814CC2BFCE2E200C927FF /* FMDatabaseAdditions.m */; };
		B67814D22BFCE2E200C927FF /* FMDatabasePool.m in Sources */ = {isa = PBXBuildFile; fileRef = B67814CD2BFCE2E200C927FF /* FMDatabasePool.m */; };
		B6DC383E2BFD13BA009B58DA /* ProfileController.swift in Sources */ = {isa = PBXBuildFile; fileRef = B6DC383D2BFD13BA009B58DA /* ProfileController.swift */; };
		B6DC38402BFD1429009B58DA /* HomeController.swift in Sources */ = {isa = PBXBuildFile; fileRef = B6DC383F2BFD1429009B58DA /* HomeController.swift */; };
		B6DC38422BFD5039009B58DA /* ComicBasic.swift in Sources */ = {isa = PBXBuildFile; fileRef = B6DC38412BFD5039009B58DA /* ComicBasic.swift */; };
		B6DC38452BFD542A009B58DA /* ComicCell.swift in Sources */ = {isa = PBXBuildFile; fileRef = B6DC38442BFD542A009B58DA /* ComicCell.swift */; };
/* End PBXBuildFile section */

/* Begin PBXContainerItemProxy section */
		89BD6E092BFC585800BA1618 /* PBXContainerItemProxy */ = {
			isa = PBXContainerItemProxy;
			containerPortal = 89BD6DEA2BFC585500BA1618 /* Project object */;
			proxyType = 1;
			remoteGlobalIDString = 89BD6DF12BFC585500BA1618;
			remoteInfo = MangaComic;
		};
		89BD6E132BFC585800BA1618 /* PBXContainerItemProxy */ = {
			isa = PBXContainerItemProxy;
			containerPortal = 89BD6DEA2BFC585500BA1618 /* Project object */;
			proxyType = 1;
			remoteGlobalIDString = 89BD6DF12BFC585500BA1618;
			remoteInfo = MangaComic;
		};
/* End PBXContainerItemProxy section */

/* Begin PBXFileReference section */
		89BD6DF22BFC585500BA1618 /* MangaComic.app */ = {isa = PBXFileReference; explicitFileType = wrapper.application; includeInIndex = 0; path = MangaComic.app; sourceTree = BUILT_PRODUCTS_DIR; };
		89BD6DF52BFC585500BA1618 /* AppDelegate.swift */ = {isa = PBXFileReference; lastKnownFileType = sourcecode.swift; path = AppDelegate.swift; sourceTree = "<group>"; };
		89BD6DF72BFC585500BA1618 /* SceneDelegate.swift */ = {isa = PBXFileReference; lastKnownFileType = sourcecode.swift; path = SceneDelegate.swift; sourceTree = "<group>"; };
		89BD6DF92BFC585500BA1618 /* SearchController.swift */ = {isa = PBXFileReference; lastKnownFileType = sourcecode.swift; path = SearchController.swift; sourceTree = "<group>"; };
		89BD6DFC2BFC585500BA1618 /* Base */ = {isa = PBXFileReference; lastKnownFileType = file.storyboard; name = Base; path = Base.lproj/Main.storyboard; sourceTree = "<group>"; };
		89BD6DFE2BFC585700BA1618 /* Assets.xcassets */ = {isa = PBXFileReference; lastKnownFileType = folder.assetcatalog; path = Assets.xcassets; sourceTree = "<group>"; };
		89BD6E012BFC585700BA1618 /* Base */ = {isa = PBXFileReference; lastKnownFileType = file.storyboard; name = Base; path = Base.lproj/LaunchScreen.storyboard; sourceTree = "<group>"; };
		89BD6E032BFC585700BA1618 /* Info.plist */ = {isa = PBXFileReference; lastKnownFileType = text.plist.xml; path = Info.plist; sourceTree = "<group>"; };
		89BD6E082BFC585800BA1618 /* MangaComicTests.xctest */ = {isa = PBXFileReference; explicitFileType = wrapper.cfbundle; includeInIndex = 0; path = MangaComicTests.xctest; sourceTree = BUILT_PRODUCTS_DIR; };
		89BD6E0C2BFC585800BA1618 /* MangaComicTests.swift */ = {isa = PBXFileReference; lastKnownFileType = sourcecode.swift; path = MangaComicTests.swift; sourceTree = "<group>"; };
		89BD6E122BFC585800BA1618 /* MangaComicUITests.xctest */ = {isa = PBXFileReference; explicitFileType = wrapper.cfbundle; includeInIndex = 0; path = MangaComicUITests.xctest; sourceTree = BUILT_PRODUCTS_DIR; };
		89BD6E162BFC585800BA1618 /* MangaComicUITests.swift */ = {isa = PBXFileReference; lastKnownFileType = sourcecode.swift; path = MangaComicUITests.swift; sourceTree = "<group>"; };
		89BD6E182BFC585800BA1618 /* MangaComicUITestsLaunchTests.swift */ = {isa = PBXFileReference; lastKnownFileType = sourcecode.swift; path = MangaComicUITestsLaunchTests.swift; sourceTree = "<group>"; };
		B67814C22BFCE2E100C927FF /* MangaComic-Bridging-Header.h */ = {isa = PBXFileReference; lastKnownFileType = sourcecode.c.h; path = "MangaComic-Bridging-Header.h"; sourceTree = "<group>"; };
		B67814C32BFCE2E200C927FF /* FMDatabaseAdditions.h */ = {isa = PBXFileReference; fileEncoding = 4; lastKnownFileType = sourcecode.c.h; name = FMDatabaseAdditions.h; path = MangaComic/FMDB/src/FMDatabaseAdditions.h; sourceTree = SOURCE_ROOT; };
		B67814C42BFCE2E200C927FF /* FMDatabase.h */ = {isa = PBXFileReference; fileEncoding = 4; lastKnownFileType = sourcecode.c.h; name = FMDatabase.h; path = MangaComic/FMDB/src/FMDatabase.h; sourceTree = SOURCE_ROOT; };
		B67814C52BFCE2E200C927FF /* FMDatabaseQueue.h */ = {isa = PBXFileReference; fileEncoding = 4; lastKnownFileType = sourcecode.c.h; name = FMDatabaseQueue.h; path = MangaComic/FMDB/src/FMDatabaseQueue.h; sourceTree = SOURCE_ROOT; };
		B67814C62BFCE2E200C927FF /* FMDatabaseQueue.m */ = {isa = PBXFileReference; fileEncoding = 4; lastKnownFileType = sourcecode.c.objc; name = FMDatabaseQueue.m; path = MangaComic/FMDB/src/FMDatabaseQueue.m; sourceTree = SOURCE_ROOT; };
		B67814C72BFCE2E200C927FF /* FMDatabasePool.h */ = {isa = PBXFileReference; fileEncoding = 4; lastKnownFileType = sourcecode.c.h; name = FMDatabasePool.h; path = MangaComic/FMDB/src/FMDatabasePool.h; sourceTree = SOURCE_ROOT; };
		B67814C82BFCE2E200C927FF /* FMResultSet.h */ = {isa = PBXFileReference; fileEncoding = 4; lastKnownFileType = sourcecode.c.h; name = FMResultSet.h; path = MangaComic/FMDB/src/FMResultSet.h; sourceTree = SOURCE_ROOT; };
		B67814C92BFCE2E200C927FF /* FMResultSet.m */ = {isa = PBXFileReference; fileEncoding = 4; lastKnownFileType = sourcecode.c.objc; name = FMResultSet.m; path = MangaComic/FMDB/src/FMResultSet.m; sourceTree = SOURCE_ROOT; };
		B67814CA2BFCE2E200C927FF /* FMDB.h */ = {isa = PBXFileReference; fileEncoding = 4; lastKnownFileType = sourcecode.c.h; name = FMDB.h; path = MangaComic/FMDB/src/FMDB.h; sourceTree = SOURCE_ROOT; };
		B67814CB2BFCE2E200C927FF /* FMDatabase.m */ = {isa = PBXFileReference; fileEncoding = 4; lastKnownFileType = sourcecode.c.objc; name = FMDatabase.m; path = MangaComic/FMDB/src/FMDatabase.m; sourceTree = SOURCE_ROOT; };
		B67814CC2BFCE2E200C927FF /* FMDatabaseAdditions.m */ = {isa = PBXFileReference; fileEncoding = 4; lastKnownFileType = sourcecode.c.objc; name = FMDatabaseAdditions.m; path = MangaComic/FMDB/src/FMDatabaseAdditions.m; sourceTree = SOURCE_ROOT; };
		B67814CD2BFCE2E200C927FF /* FMDatabasePool.m */ = {isa = PBXFileReference; fileEncoding = 4; lastKnownFileType = sourcecode.c.objc; name = FMDatabasePool.m; path = MangaComic/FMDB/src/FMDatabasePool.m; sourceTree = SOURCE_ROOT; };
		B6DC383D2BFD13BA009B58DA /* ProfileController.swift */ = {isa = PBXFileReference; lastKnownFileType = sourcecode.swift; path = ProfileController.swift; sourceTree = "<group>"; };
		B6DC383F2BFD1429009B58DA /* HomeController.swift */ = {isa = PBXFileReference; lastKnownFileType = sourcecode.swift; path = HomeController.swift; sourceTree = "<group>"; };
		B6DC38412BFD5039009B58DA /* ComicBasic.swift */ = {isa = PBXFileReference; lastKnownFileType = sourcecode.swift; path = ComicBasic.swift; sourceTree = "<group>"; };
		B6DC38442BFD542A009B58DA /* ComicCell.swift */ = {isa = PBXFileReference; lastKnownFileType = sourcecode.swift; path = ComicCell.swift; sourceTree = "<group>"; };
/* End PBXFileReference section */

/* Begin PBXFrameworksBuildPhase section */
		89BD6DEF2BFC585500BA1618 /* Frameworks */ = {
			isa = PBXFrameworksBuildPhase;
			buildActionMask = 2147483647;
			files = (
			);
			runOnlyForDeploymentPostprocessing = 0;
		};
		89BD6E052BFC585800BA1618 /* Frameworks */ = {
			isa = PBXFrameworksBuildPhase;
			buildActionMask = 2147483647;
			files = (
			);
			runOnlyForDeploymentPostprocessing = 0;
		};
		89BD6E0F2BFC585800BA1618 /* Frameworks */ = {
			isa = PBXFrameworksBuildPhase;
			buildActionMask = 2147483647;
			files = (
			);
			runOnlyForDeploymentPostprocessing = 0;
		};
/* End PBXFrameworksBuildPhase section */

/* Begin PBXGroup section */
		89BD6DE92BFC585500BA1618 = {
			isa = PBXGroup;
			children = (
				89BD6DF42BFC585500BA1618 /* MangaComic */,
				89BD6E0B2BFC585800BA1618 /* MangaComicTests */,
				89BD6E152BFC585800BA1618 /* MangaComicUITests */,
				89BD6DF32BFC585500BA1618 /* Products */,
			);
			sourceTree = "<group>";
		};
		89BD6DF32BFC585500BA1618 /* Products */ = {
			isa = PBXGroup;
			children = (
				89BD6DF22BFC585500BA1618 /* MangaComic.app */,
				89BD6E082BFC585800BA1618 /* MangaComicTests.xctest */,
				89BD6E122BFC585800BA1618 /* MangaComicUITests.xctest */,
			);
			name = Products;
			sourceTree = "<group>";
		};
		89BD6DF42BFC585500BA1618 /* MangaComic */ = {
			isa = PBXGroup;
			children = (
				B6DC38432BFD53B7009B58DA /* Controls */,
				B67814BF2BFCE27100C927FF /* FMDB */,
				B67814BE2BFCE26900C927FF /* Models */,
				B67814BD2BFCE25E00C927FF /* Controllers */,
				B67814BA2BFCE23C00C927FF /* Systems */,
				89BD6DFB2BFC585500BA1618 /* Main.storyboard */,
			);
			path = MangaComic;
			sourceTree = "<group>";
		};
		89BD6E0B2BFC585800BA1618 /* MangaComicTests */ = {
			isa = PBXGroup;
			children = (
				89BD6E0C2BFC585800BA1618 /* MangaComicTests.swift */,
			);
			path = MangaComicTests;
			sourceTree = "<group>";
		};
		89BD6E152BFC585800BA1618 /* MangaComicUITests */ = {
			isa = PBXGroup;
			children = (
				89BD6E162BFC585800BA1618 /* MangaComicUITests.swift */,
				89BD6E182BFC585800BA1618 /* MangaComicUITestsLaunchTests.swift */,
			);
			path = MangaComicUITests;
			sourceTree = "<group>";
		};
		B67814BA2BFCE23C00C927FF /* Systems */ = {
			isa = PBXGroup;
			children = (
				89BD6DFE2BFC585700BA1618 /* Assets.xcassets */,
				89BD6E002BFC585700BA1618 /* LaunchScreen.storyboard */,
				89BD6E032BFC585700BA1618 /* Info.plist */,
				89BD6DF52BFC585500BA1618 /* AppDelegate.swift */,
				89BD6DF72BFC585500BA1618 /* SceneDelegate.swift */,
			);
			name = Systems;
			sourceTree = "<group>";
		};
		B67814BD2BFCE25E00C927FF /* Controllers */ = {
			isa = PBXGroup;
			children = (
				89BD6DF92BFC585500BA1618 /* SearchController.swift */,
				B6DC383D2BFD13BA009B58DA /* ProfileController.swift */,
				B6DC383F2BFD1429009B58DA /* HomeController.swift */,
			);
			path = Controllers;
			sourceTree = "<group>";
		};
		B67814BE2BFCE26900C927FF /* Models */ = {
			isa = PBXGroup;
			children = (
				B6DC38412BFD5039009B58DA /* ComicBasic.swift */,
			);
			path = Models;
			sourceTree = "<group>";
		};
		B67814BF2BFCE27100C927FF /* FMDB */ = {
			isa = PBXGroup;
			children = (
				B67814D32BFCE2E600C927FF /* DAL */,
				B67814C12BFCE2C900C927FF /* fmdb framework */,
				B67814C02BFCE27A00C927FF /* src */,
			);
			path = FMDB;
			sourceTree = "<group>";
		};
		B67814C02BFCE27A00C927FF /* src */ = {
			isa = PBXGroup;
			children = (
			);
			path = src;
			sourceTree = "<group>";
		};
		B67814C12BFCE2C900C927FF /* fmdb framework */ = {
			isa = PBXGroup;
			children = (
				B67814C42BFCE2E200C927FF /* FMDatabase.h */,
				B67814CB2BFCE2E200C927FF /* FMDatabase.m */,
				B67814C32BFCE2E200C927FF /* FMDatabaseAdditions.h */,
				B67814CC2BFCE2E200C927FF /* FMDatabaseAdditions.m */,
				B67814C72BFCE2E200C927FF /* FMDatabasePool.h */,
				B67814CD2BFCE2E200C927FF /* FMDatabasePool.m */,
				B67814C52BFCE2E200C927FF /* FMDatabaseQueue.h */,
				B67814C62BFCE2E200C927FF /* FMDatabaseQueue.m */,
				B67814CA2BFCE2E200C927FF /* FMDB.h */,
				B67814C82BFCE2E200C927FF /* FMResultSet.h */,
				B67814C92BFCE2E200C927FF /* FMResultSet.m */,
				B67814C22BFCE2E100C927FF /* MangaComic-Bridging-Header.h */,
			);
			path = "fmdb framework";
			sourceTree = "<group>";
		};
		B67814D32BFCE2E600C927FF /* DAL */ = {
			isa = PBXGroup;
			children = (
			);
			path = DAL;
			sourceTree = "<group>";
		};
		B6DC38432BFD53B7009B58DA /* Controls */ = {
			isa = PBXGroup;
			children = (
				B6DC38442BFD542A009B58DA /* ComicCell.swift */,
			);
			path = Controls;
			sourceTree = "<group>";
		};
/* End PBXGroup section */

/* Begin PBXNativeTarget section */
		89BD6DF12BFC585500BA1618 /* MangaComic */ = {
			isa = PBXNativeTarget;
			buildConfigurationList = 89BD6E1C2BFC585800BA1618 /* Build configuration list for PBXNativeTarget "MangaComic" */;
			buildPhases = (
				89BD6DEE2BFC585500BA1618 /* Sources */,
				89BD6DEF2BFC585500BA1618 /* Frameworks */,
				89BD6DF02BFC585500BA1618 /* Resources */,
			);
			buildRules = (
			);
			dependencies = (
			);
			name = MangaComic;
			productName = MangaComic;
			productReference = 89BD6DF22BFC585500BA1618 /* MangaComic.app */;
			productType = "com.apple.product-type.application";
		};
		89BD6E072BFC585800BA1618 /* MangaComicTests */ = {
			isa = PBXNativeTarget;
			buildConfigurationList = 89BD6E1F2BFC585800BA1618 /* Build configuration list for PBXNativeTarget "MangaComicTests" */;
			buildPhases = (
				89BD6E042BFC585800BA1618 /* Sources */,
				89BD6E052BFC585800BA1618 /* Frameworks */,
				89BD6E062BFC585800BA1618 /* Resources */,
			);
			buildRules = (
			);
			dependencies = (
				89BD6E0A2BFC585800BA1618 /* PBXTargetDependency */,
			);
			name = MangaComicTests;
			productName = MangaComicTests;
			productReference = 89BD6E082BFC585800BA1618 /* MangaComicTests.xctest */;
			productType = "com.apple.product-type.bundle.unit-test";
		};
		89BD6E112BFC585800BA1618 /* MangaComicUITests */ = {
			isa = PBXNativeTarget;
			buildConfigurationList = 89BD6E222BFC585800BA1618 /* Build configuration list for PBXNativeTarget "MangaComicUITests" */;
			buildPhases = (
				89BD6E0E2BFC585800BA1618 /* Sources */,
				89BD6E0F2BFC585800BA1618 /* Frameworks */,
				89BD6E102BFC585800BA1618 /* Resources */,
			);
			buildRules = (
			);
			dependencies = (
				89BD6E142BFC585800BA1618 /* PBXTargetDependency */,
			);
			name = MangaComicUITests;
			productName = MangaComicUITests;
			productReference = 89BD6E122BFC585800BA1618 /* MangaComicUITests.xctest */;
			productType = "com.apple.product-type.bundle.ui-testing";
		};
/* End PBXNativeTarget section */

/* Begin PBXProject section */
		89BD6DEA2BFC585500BA1618 /* Project object */ = {
			isa = PBXProject;
			attributes = {
				BuildIndependentTargetsInParallel = 1;
				LastSwiftUpdateCheck = 1530;
				LastUpgradeCheck = 1530;
				TargetAttributes = {
					89BD6DF12BFC585500BA1618 = {
						CreatedOnToolsVersion = 15.3;
						LastSwiftMigration = 1530;
					};
					89BD6E072BFC585800BA1618 = {
						CreatedOnToolsVersion = 15.3;
						TestTargetID = 89BD6DF12BFC585500BA1618;
					};
					89BD6E112BFC585800BA1618 = {
						CreatedOnToolsVersion = 15.3;
						TestTargetID = 89BD6DF12BFC585500BA1618;
					};
				};
			};
			buildConfigurationList = 89BD6DED2BFC585500BA1618 /* Build configuration list for PBXProject "	" */;
			compatibilityVersion = "Xcode 14.0";
			developmentRegion = en;
			hasScannedForEncodings = 0;
			knownRegions = (
				en,
				Base,
			);
			mainGroup = 89BD6DE92BFC585500BA1618;
			productRefGroup = 89BD6DF32BFC585500BA1618 /* Products */;
			projectDirPath = "";
			projectRoot = "";
			targets = (
				89BD6DF12BFC585500BA1618 /* MangaComic */,
				89BD6E072BFC585800BA1618 /* MangaComicTests */,
				89BD6E112BFC585800BA1618 /* MangaComicUITests */,
			);
		};
/* End PBXProject section */

/* Begin PBXResourcesBuildPhase section */
		89BD6DF02BFC585500BA1618 /* Resources */ = {
			isa = PBXResourcesBuildPhase;
			buildActionMask = 2147483647;
			files = (
				89BD6DFF2BFC585700BA1618 /* Assets.xcassets in Resources */,
				89BD6E022BFC585700BA1618 /* Base in Resources */,
				89BD6DFD2BFC585500BA1618 /* Base in Resources */,
			);
			runOnlyForDeploymentPostprocessing = 0;
		};
		89BD6E062BFC585800BA1618 /* Resources */ = {
			isa = PBXResourcesBuildPhase;
			buildActionMask = 2147483647;
			files = (
			);
			runOnlyForDeploymentPostprocessing = 0;
		};
		89BD6E102BFC585800BA1618 /* Resources */ = {
			isa = PBXResourcesBuildPhase;
			buildActionMask = 2147483647;
			files = (
			);
			runOnlyForDeploymentPostprocessing = 0;
		};
/* End PBXResourcesBuildPhase section */

/* Begin PBXSourcesBuildPhase section */
		89BD6DEE2BFC585500BA1618 /* Sources */ = {
			isa = PBXSourcesBuildPhase;
			buildActionMask = 2147483647;
			files = (
				89BD6DFA2BFC585500BA1618 /* SearchController.swift in Sources */,
				B67814CE2BFCE2E200C927FF /* FMDatabaseQueue.m in Sources */,
				89BD6DF62BFC585500BA1618 /* AppDelegate.swift in Sources */,
				B67814D02BFCE2E200C927FF /* FMDatabase.m in Sources */,
				B6DC38402BFD1429009B58DA /* HomeController.swift in Sources */,
				89BD6DF82BFC585500BA1618 /* SceneDelegate.swift in Sources */,
				B6DC383E2BFD13BA009B58DA /* ProfileController.swift in Sources */,
				B67814D22BFCE2E200C927FF /* FMDatabasePool.m in Sources */,
				B67814D12BFCE2E200C927FF /* FMDatabaseAdditions.m in Sources */,
				B6DC38452BFD542A009B58DA /* ComicCell.swift in Sources */,
				B6DC38422BFD5039009B58DA /* ComicBasic.swift in Sources */,
				B67814CF2BFCE2E200C927FF /* FMResultSet.m in Sources */,
			);
			runOnlyForDeploymentPostprocessing = 0;
		};
		89BD6E042BFC585800BA1618 /* Sources */ = {
			isa = PBXSourcesBuildPhase;
			buildActionMask = 2147483647;
			files = (
				89BD6E0D2BFC585800BA1618 /* MangaComicTests.swift in Sources */,
			);
			runOnlyForDeploymentPostprocessing = 0;
		};
		89BD6E0E2BFC585800BA1618 /* Sources */ = {
			isa = PBXSourcesBuildPhase;
			buildActionMask = 2147483647;
			files = (
				89BD6E172BFC585800BA1618 /* MangaComicUITests.swift in Sources */,
				89BD6E192BFC585800BA1618 /* MangaComicUITestsLaunchTests.swift in Sources */,
			);
			runOnlyForDeploymentPostprocessing = 0;
		};
/* End PBXSourcesBuildPhase section */

/* Begin PBXTargetDependency section */
		89BD6E0A2BFC585800BA1618 /* PBXTargetDependency */ = {
			isa = PBXTargetDependency;
			target = 89BD6DF12BFC585500BA1618 /* MangaComic */;
			targetProxy = 89BD6E092BFC585800BA1618 /* PBXContainerItemProxy */;
		};
		89BD6E142BFC585800BA1618 /* PBXTargetDependency */ = {
			isa = PBXTargetDependency;
			target = 89BD6DF12BFC585500BA1618 /* MangaComic */;
			targetProxy = 89BD6E132BFC585800BA1618 /* PBXContainerItemProxy */;
		};
/* End PBXTargetDependency section */

/* Begin PBXVariantGroup section */
		89BD6DFB2BFC585500BA1618 /* Main.storyboard */ = {
			isa = PBXVariantGroup;
			children = (
				89BD6DFC2BFC585500BA1618 /* Base */,
			);
			name = Main.storyboard;
			sourceTree = "<group>";
		};
		89BD6E002BFC585700BA1618 /* LaunchScreen.storyboard */ = {
			isa = PBXVariantGroup;
			children = (
				89BD6E012BFC585700BA1618 /* Base */,
			);
			name = LaunchScreen.storyboard;
			sourceTree = "<group>";
		};
/* End PBXVariantGroup section */

/* Begin XCBuildConfiguration section */
		89BD6E1A2BFC585800BA1618 /* Debug */ = {
			isa = XCBuildConfiguration;
			buildSettings = {
				ALWAYS_SEARCH_USER_PATHS = NO;
				ASSETCATALOG_COMPILER_GENERATE_SWIFT_ASSET_SYMBOL_EXTENSIONS = YES;
				CLANG_ANALYZER_NONNULL = YES;
				CLANG_ANALYZER_NUMBER_OBJECT_CONVERSION = YES_AGGRESSIVE;
				CLANG_CXX_LANGUAGE_STANDARD = "gnu++20";
				CLANG_ENABLE_MODULES = YES;
				CLANG_ENABLE_OBJC_ARC = YES;
				CLANG_ENABLE_OBJC_WEAK = YES;
				CLANG_WARN_BLOCK_CAPTURE_AUTORELEASING = YES;
				CLANG_WARN_BOOL_CONVERSION = YES;
				CLANG_WARN_COMMA = YES;
				CLANG_WARN_CONSTANT_CONVERSION = YES;
				CLANG_WARN_DEPRECATED_OBJC_IMPLEMENTATIONS = YES;
				CLANG_WARN_DIRECT_OBJC_ISA_USAGE = YES_ERROR;
				CLANG_WARN_DOCUMENTATION_COMMENTS = YES;
				CLANG_WARN_EMPTY_BODY = YES;
				CLANG_WARN_ENUM_CONVERSION = YES;
				CLANG_WARN_INFINITE_RECURSION = YES;
				CLANG_WARN_INT_CONVERSION = YES;
				CLANG_WARN_NON_LITERAL_NULL_CONVERSION = YES;
				CLANG_WARN_OBJC_IMPLICIT_RETAIN_SELF = YES;
				CLANG_WARN_OBJC_LITERAL_CONVERSION = YES;
				CLANG_WARN_OBJC_ROOT_CLASS = YES_ERROR;
				CLANG_WARN_QUOTED_INCLUDE_IN_FRAMEWORK_HEADER = YES;
				CLANG_WARN_RANGE_LOOP_ANALYSIS = YES;
				CLANG_WARN_STRICT_PROTOTYPES = YES;
				CLANG_WARN_SUSPICIOUS_MOVE = YES;
				CLANG_WARN_UNGUARDED_AVAILABILITY = YES_AGGRESSIVE;
				CLANG_WARN_UNREACHABLE_CODE = YES;
				CLANG_WARN__DUPLICATE_METHOD_MATCH = YES;
				COPY_PHASE_STRIP = NO;
				DEBUG_INFORMATION_FORMAT = dwarf;
				ENABLE_STRICT_OBJC_MSGSEND = YES;
				ENABLE_TESTABILITY = YES;
				ENABLE_USER_SCRIPT_SANDBOXING = YES;
				GCC_C_LANGUAGE_STANDARD = gnu17;
				GCC_DYNAMIC_NO_PIC = NO;
				GCC_NO_COMMON_BLOCKS = YES;
				GCC_OPTIMIZATION_LEVEL = 0;
				GCC_PREPROCESSOR_DEFINITIONS = (
					"DEBUG=1",
					"$(inherited)",
				);
				GCC_WARN_64_TO_32_BIT_CONVERSION = YES;
				GCC_WARN_ABOUT_RETURN_TYPE = YES_ERROR;
				GCC_WARN_UNDECLARED_SELECTOR = YES;
				GCC_WARN_UNINITIALIZED_AUTOS = YES_AGGRESSIVE;
				GCC_WARN_UNUSED_FUNCTION = YES;
				GCC_WARN_UNUSED_VARIABLE = YES;
				IPHONEOS_DEPLOYMENT_TARGET = 17.4;
				LOCALIZATION_PREFERS_STRING_CATALOGS = YES;
				MTL_ENABLE_DEBUG_INFO = INCLUDE_SOURCE;
				MTL_FAST_MATH = YES;
				ONLY_ACTIVE_ARCH = YES;
				SDKROOT = iphoneos;
				SWIFT_ACTIVE_COMPILATION_CONDITIONS = "DEBUG $(inherited)";
				SWIFT_OPTIMIZATION_LEVEL = "-Onone";
			};
			name = Debug;
		};
		89BD6E1B2BFC585800BA1618 /* Release */ = {
			isa = XCBuildConfiguration;
			buildSettings = {
				ALWAYS_SEARCH_USER_PATHS = NO;
				ASSETCATALOG_COMPILER_GENERATE_SWIFT_ASSET_SYMBOL_EXTENSIONS = YES;
				CLANG_ANALYZER_NONNULL = YES;
				CLANG_ANALYZER_NUMBER_OBJECT_CONVERSION = YES_AGGRESSIVE;
				CLANG_CXX_LANGUAGE_STANDARD = "gnu++20";
				CLANG_ENABLE_MODULES = YES;
				CLANG_ENABLE_OBJC_ARC = YES;
				CLANG_ENABLE_OBJC_WEAK = YES;
				CLANG_WARN_BLOCK_CAPTURE_AUTORELEASING = YES;
				CLANG_WARN_BOOL_CONVERSION = YES;
				CLANG_WARN_COMMA = YES;
				CLANG_WARN_CONSTANT_CONVERSION = YES;
				CLANG_WARN_DEPRECATED_OBJC_IMPLEMENTATIONS = YES;
				CLANG_WARN_DIRECT_OBJC_ISA_USAGE = YES_ERROR;
				CLANG_WARN_DOCUMENTATION_COMMENTS = YES;
				CLANG_WARN_EMPTY_BODY = YES;
				CLANG_WARN_ENUM_CONVERSION = YES;
				CLANG_WARN_INFINITE_RECURSION = YES;
				CLANG_WARN_INT_CONVERSION = YES;
				CLANG_WARN_NON_LITERAL_NULL_CONVERSION = YES;
				CLANG_WARN_OBJC_IMPLICIT_RETAIN_SELF = YES;
				CLANG_WARN_OBJC_LITERAL_CONVERSION = YES;
				CLANG_WARN_OBJC_ROOT_CLASS = YES_ERROR;
				CLANG_WARN_QUOTED_INCLUDE_IN_FRAMEWORK_HEADER = YES;
				CLANG_WARN_RANGE_LOOP_ANALYSIS = YES;
				CLANG_WARN_STRICT_PROTOTYPES = YES;
				CLANG_WARN_SUSPICIOUS_MOVE = YES;
				CLANG_WARN_UNGUARDED_AVAILABILITY = YES_AGGRESSIVE;
				CLANG_WARN_UNREACHABLE_CODE = YES;
				CLANG_WARN__DUPLICATE_METHOD_MATCH = YES;
				COPY_PHASE_STRIP = NO;
				DEBUG_INFORMATION_FORMAT = "dwarf-with-dsym";
				ENABLE_NS_ASSERTIONS = NO;
				ENABLE_STRICT_OBJC_MSGSEND = YES;
				ENABLE_USER_SCRIPT_SANDBOXING = YES;
				GCC_C_LANGUAGE_STANDARD = gnu17;
				GCC_NO_COMMON_BLOCKS = YES;
				GCC_WARN_64_TO_32_BIT_CONVERSION = YES;
				GCC_WARN_ABOUT_RETURN_TYPE = YES_ERROR;
				GCC_WARN_UNDECLARED_SELECTOR = YES;
				GCC_WARN_UNINITIALIZED_AUTOS = YES_AGGRESSIVE;
				GCC_WARN_UNUSED_FUNCTION = YES;
				GCC_WARN_UNUSED_VARIABLE = YES;
				IPHONEOS_DEPLOYMENT_TARGET = 17.4;
				LOCALIZATION_PREFERS_STRING_CATALOGS = YES;
				MTL_ENABLE_DEBUG_INFO = NO;
				MTL_FAST_MATH = YES;
				SDKROOT = iphoneos;
				SWIFT_COMPILATION_MODE = wholemodule;
				VALIDATE_PRODUCT = YES;
			};
			name = Release;
		};
		89BD6E1D2BFC585800BA1618 /* Debug */ = {
			isa = XCBuildConfiguration;
			buildSettings = {
				ASSETCATALOG_COMPILER_APPICON_NAME = AppIcon;
				ASSETCATALOG_COMPILER_GLOBAL_ACCENT_COLOR_NAME = AccentColor;
				CLANG_ENABLE_MODULES = YES;
				CODE_SIGN_STYLE = Automatic;
				CURRENT_PROJECT_VERSION = 1;
				GENERATE_INFOPLIST_FILE = YES;
				INFOPLIST_FILE = MangaComic/Info.plist;
				INFOPLIST_KEY_UIApplicationSupportsIndirectInputEvents = YES;
				INFOPLIST_KEY_UILaunchStoryboardName = LaunchScreen;
				INFOPLIST_KEY_UIMainStoryboardFile = Main;
				INFOPLIST_KEY_UISupportedInterfaceOrientations_iPad = "UIInterfaceOrientationPortrait UIInterfaceOrientationPortraitUpsideDown UIInterfaceOrientationLandscapeLeft UIInterfaceOrientationLandscapeRight";
				INFOPLIST_KEY_UISupportedInterfaceOrientations_iPhone = "UIInterfaceOrientationPortrait UIInterfaceOrientationLandscapeLeft UIInterfaceOrientationLandscapeRight";
				LD_RUNPATH_SEARCH_PATHS = (
					"$(inherited)",
					"@executable_path/Frameworks",
				);
				MARKETING_VERSION = 1.0;
				PRODUCT_BUNDLE_IDENTIFIER = manga.comic.MangaComic;
				PRODUCT_NAME = "$(TARGET_NAME)";
				SWIFT_EMIT_LOC_STRINGS = YES;
				SWIFT_OBJC_BRIDGING_HEADER = "MangaComic/FMDB/fmdb framework/MangaComic-Bridging-Header.h";
				SWIFT_OPTIMIZATION_LEVEL = "-Onone";
				SWIFT_VERSION = 5.0;
				TARGETED_DEVICE_FAMILY = "1,2";
			};
			name = Debug;
		};
		89BD6E1E2BFC585800BA1618 /* Release */ = {
			isa = XCBuildConfiguration;
			buildSettings = {
				ASSETCATALOG_COMPILER_APPICON_NAME = AppIcon;
				ASSETCATALOG_COMPILER_GLOBAL_ACCENT_COLOR_NAME = AccentColor;
				CLANG_ENABLE_MODULES = YES;
				CODE_SIGN_STYLE = Automatic;
				CURRENT_PROJECT_VERSION = 1;
				GENERATE_INFOPLIST_FILE = YES;
				INFOPLIST_FILE = MangaComic/Info.plist;
				INFOPLIST_KEY_UIApplicationSupportsIndirectInputEvents = YES;
				INFOPLIST_KEY_UILaunchStoryboardName = LaunchScreen;
				INFOPLIST_KEY_UIMainStoryboardFile = Main;
				INFOPLIST_KEY_UISupportedInterfaceOrientations_iPad = "UIInterfaceOrientationPortrait UIInterfaceOrientationPortraitUpsideDown UIInterfaceOrientationLandscapeLeft UIInterfaceOrientationLandscapeRight";
				INFOPLIST_KEY_UISupportedInterfaceOrientations_iPhone = "UIInterfaceOrientationPortrait UIInterfaceOrientationLandscapeLeft UIInterfaceOrientationLandscapeRight";
				LD_RUNPATH_SEARCH_PATHS = (
					"$(inherited)",
					"@executable_path/Frameworks",
				);
				MARKETING_VERSION = 1.0;
				PRODUCT_BUNDLE_IDENTIFIER = manga.comic.MangaComic;
				PRODUCT_NAME = "$(TARGET_NAME)";
				SWIFT_EMIT_LOC_STRINGS = YES;
				SWIFT_OBJC_BRIDGING_HEADER = "MangaComic/FMDB/fmdb framework/MangaComic-Bridging-Header.h";
				SWIFT_VERSION = 5.0;
				TARGETED_DEVICE_FAMILY = "1,2";
			};
			name = Release;
		};
		89BD6E202BFC585800BA1618 /* Debug */ = {
			isa = XCBuildConfiguration;
			buildSettings = {
				ALWAYS_EMBED_SWIFT_STANDARD_LIBRARIES = YES;
				BUNDLE_LOADER = "$(TEST_HOST)";
				CODE_SIGN_STYLE = Automatic;
				CURRENT_PROJECT_VERSION = 1;
				GENERATE_INFOPLIST_FILE = YES;
				IPHONEOS_DEPLOYMENT_TARGET = 17.4;
				MARKETING_VERSION = 1.0;
				PRODUCT_BUNDLE_IDENTIFIER = manga.comic.MangaComicTests;
				PRODUCT_NAME = "$(TARGET_NAME)";
				SWIFT_EMIT_LOC_STRINGS = NO;
				SWIFT_VERSION = 5.0;
				TARGETED_DEVICE_FAMILY = "1,2";
				TEST_HOST = "$(BUILT_PRODUCTS_DIR)/MangaComic.app/$(BUNDLE_EXECUTABLE_FOLDER_PATH)/MangaComic";
			};
			name = Debug;
		};
		89BD6E212BFC585800BA1618 /* Release */ = {
			isa = XCBuildConfiguration;
			buildSettings = {
				ALWAYS_EMBED_SWIFT_STANDARD_LIBRARIES = YES;
				BUNDLE_LOADER = "$(TEST_HOST)";
				CODE_SIGN_STYLE = Automatic;
				CURRENT_PROJECT_VERSION = 1;
				GENERATE_INFOPLIST_FILE = YES;
				IPHONEOS_DEPLOYMENT_TARGET = 17.4;
				MARKETING_VERSION = 1.0;
				PRODUCT_BUNDLE_IDENTIFIER = manga.comic.MangaComicTests;
				PRODUCT_NAME = "$(TARGET_NAME)";
				SWIFT_EMIT_LOC_STRINGS = NO;
				SWIFT_VERSION = 5.0;
				TARGETED_DEVICE_FAMILY = "1,2";
				TEST_HOST = "$(BUILT_PRODUCTS_DIR)/MangaComic.app/$(BUNDLE_EXECUTABLE_FOLDER_PATH)/MangaComic";
			};
			name = Release;
		};
		89BD6E232BFC585800BA1618 /* Debug */ = {
			isa = XCBuildConfiguration;
			buildSettings = {
				ALWAYS_EMBED_SWIFT_STANDARD_LIBRARIES = YES;
				CODE_SIGN_STYLE = Automatic;
				CURRENT_PROJECT_VERSION = 1;
				GENERATE_INFOPLIST_FILE = YES;
				MARKETING_VERSION = 1.0;
				PRODUCT_BUNDLE_IDENTIFIER = manga.comic.MangaComicUITests;
				PRODUCT_NAME = "$(TARGET_NAME)";
				SWIFT_EMIT_LOC_STRINGS = NO;
				SWIFT_VERSION = 5.0;
				TARGETED_DEVICE_FAMILY = "1,2";
				TEST_TARGET_NAME = MangaComic;
			};
			name = Debug;
		};
		89BD6E242BFC585800BA1618 /* Release */ = {
			isa = XCBuildConfiguration;
			buildSettings = {
				ALWAYS_EMBED_SWIFT_STANDARD_LIBRARIES = YES;
				CODE_SIGN_STYLE = Automatic;
				CURRENT_PROJECT_VERSION = 1;
				GENERATE_INFOPLIST_FILE = YES;
				MARKETING_VERSION = 1.0;
				PRODUCT_BUNDLE_IDENTIFIER = manga.comic.MangaComicUITests;
				PRODUCT_NAME = "$(TARGET_NAME)";
				SWIFT_EMIT_LOC_STRINGS = NO;
				SWIFT_VERSION = 5.0;
				TARGETED_DEVICE_FAMILY = "1,2";
				TEST_TARGET_NAME = MangaComic;
			};
			name = Release;
		};
/* End XCBuildConfiguration section */

/* Begin XCConfigurationList section */
		89BD6DED2BFC585500BA1618 /* Build configuration list for PBXProject "	" */ = {
			isa = XCConfigurationList;
			buildConfigurations = (
				89BD6E1A2BFC585800BA1618 /* Debug */,
				89BD6E1B2BFC585800BA1618 /* Release */,
			);
			defaultConfigurationIsVisible = 0;
			defaultConfigurationName = Release;
		};
		89BD6E1C2BFC585800BA1618 /* Build configuration list for PBXNativeTarget "MangaComic" */ = {
			isa = XCConfigurationList;
			buildConfigurations = (
				89BD6E1D2BFC585800BA1618 /* Debug */,
				89BD6E1E2BFC585800BA1618 /* Release */,
			);
			defaultConfigurationIsVisible = 0;
			defaultConfigurationName = Release;
		};
		89BD6E1F2BFC585800BA1618 /* Build configuration list for PBXNativeTarget "MangaComicTests" */ = {
			isa = XCConfigurationList;
			buildConfigurations = (
				89BD6E202BFC585800BA1618 /* Debug */,
				89BD6E212BFC585800BA1618 /* Release */,
			);
			defaultConfigurationIsVisible = 0;
			defaultConfigurationName = Release;
		};
		89BD6E222BFC585800BA1618 /* Build configuration list for PBXNativeTarget "MangaComicUITests" */ = {
			isa = XCConfigurationList;
			buildConfigurations = (
				89BD6E232BFC585800BA1618 /* Debug */,
				89BD6E242BFC585800BA1618 /* Release */,
			);
			defaultConfigurationIsVisible = 0;
			defaultConfigurationName = Release;
		};
/* End XCConfigurationList section */
	};
	rootObject = 89BD6DEA2BFC585500BA1618 /* Project object */;
}
